// !$*UTF8*$!
{
	archiveVersion = 1;
	classes = {
	};
	objectVersion = 46;
	objects = {

/* Begin PBXBuildFile section */
		947842DE19CEB2D400D90477 /* Foundation.framework in Frameworks */ = {isa = PBXBuildFile; fileRef = 947842DD19CEB2D400D90477 /* Foundation.framework */; };
		947842E019CEB2D400D90477 /* CoreGraphics.framework in Frameworks */ = {isa = PBXBuildFile; fileRef = 947842DF19CEB2D400D90477 /* CoreGraphics.framework */; };
		947842E219CEB2D400D90477 /* UIKit.framework in Frameworks */ = {isa = PBXBuildFile; fileRef = 947842E119CEB2D400D90477 /* UIKit.framework */; };
		947842E819CEB2D400D90477 /* InfoPlist.strings in Resources */ = {isa = PBXBuildFile; fileRef = 947842E619CEB2D400D90477 /* InfoPlist.strings */; };
		947842EA19CEB2D400D90477 /* main.m in Sources */ = {isa = PBXBuildFile; fileRef = 947842E919CEB2D400D90477 /* main.m */; };
		947842EE19CEB2D400D90477 /* AppDelegate.m in Sources */ = {isa = PBXBuildFile; fileRef = 947842ED19CEB2D400D90477 /* AppDelegate.m */; };
		947842F119CEB2D400D90477 /* Main.storyboard in Resources */ = {isa = PBXBuildFile; fileRef = 947842EF19CEB2D400D90477 /* Main.storyboard */; };
		947842F419CEB2D400D90477 /* ViewController.m in Sources */ = {isa = PBXBuildFile; fileRef = 947842F319CEB2D400D90477 /* ViewController.m */; };
		947842F619CEB2D400D90477 /* Images.xcassets in Resources */ = {isa = PBXBuildFile; fileRef = 947842F519CEB2D400D90477 /* Images.xcassets */; };
		947842FD19CEB2D400D90477 /* XCTest.framework in Frameworks */ = {isa = PBXBuildFile; fileRef = 947842FC19CEB2D400D90477 /* XCTest.framework */; };
		947842FE19CEB2D500D90477 /* Foundation.framework in Frameworks */ = {isa = PBXBuildFile; fileRef = 947842DD19CEB2D400D90477 /* Foundation.framework */; };
		947842FF19CEB2D500D90477 /* UIKit.framework in Frameworks */ = {isa = PBXBuildFile; fileRef = 947842E119CEB2D400D90477 /* UIKit.framework */; };
		9478430719CEB2D500D90477 /* InfoPlist.strings in Resources */ = {isa = PBXBuildFile; fileRef = 9478430519CEB2D500D90477 /* InfoPlist.strings */; };
		9478430919CEB2D500D90477 /* YubinTests.m in Sources */ = {isa = PBXBuildFile; fileRef = 9478430819CEB2D500D90477 /* YubinTests.m */; };
		9478431419CEB30A00D90477 /* Yubin.m in Sources */ = {isa = PBXBuildFile; fileRef = 9478431319CEB30A00D90477 /* Yubin.m */; };
		9478431E19CEB87B00D90477 /* 13TOKYO.CSV in Resources */ = {isa = PBXBuildFile; fileRef = 9478431D19CEB87B00D90477 /* 13TOKYO.CSV */; };
/* End PBXBuildFile section */

/* Begin PBXContainerItemProxy section */
		9478430019CEB2D500D90477 /* PBXContainerItemProxy */ = {
			isa = PBXContainerItemProxy;
			containerPortal = 947842D219CEB2D400D90477 /* Project object */;
			proxyType = 1;
			remoteGlobalIDString = 947842D919CEB2D400D90477;
			remoteInfo = Yubin;
		};
/* End PBXContainerItemProxy section */

/* Begin PBXFileReference section */
		947842DA19CEB2D400D90477 /* Yubin.app */ = {isa = PBXFileReference; explicitFileType = wrapper.application; includeInIndex = 0; path = Yubin.app; sourceTree = BUILT_PRODUCTS_DIR; };
		947842DD19CEB2D400D90477 /* Foundation.framework */ = {isa = PBXFileReference; lastKnownFileType = wrapper.framework; name = Foundation.framework; path = System/Library/Frameworks/Foundation.framework; sourceTree = SDKROOT; };
		947842DF19CEB2D400D90477 /* CoreGraphics.framework */ = {isa = PBXFileReference; lastKnownFileType = wrapper.framework; name = CoreGraphics.framework; path = System/Library/Frameworks/CoreGraphics.framework; sourceTree = SDKROOT; };
		947842E119CEB2D400D90477 /* UIKit.framework */ = {isa = PBXFileReference; lastKnownFileType = wrapper.framework; name = UIKit.framework; path = System/Library/Frameworks/UIKit.framework; sourceTree = SDKROOT; };
		947842E519CEB2D400D90477 /* Yubin-Info.plist */ = {isa = PBXFileReference; lastKnownFileType = text.plist.xml; path = "Yubin-Info.plist"; sourceTree = "<group>"; };
		947842E719CEB2D400D90477 /* en */ = {isa = PBXFileReference; lastKnownFileType = text.plist.strings; name = en; path = en.lproj/InfoPlist.strings; sourceTree = "<group>"; };
		947842E919CEB2D400D90477 /* main.m */ = {isa = PBXFileReference; lastKnownFileType = sourcecode.c.objc; path = main.m; sourceTree = "<group>"; };
		947842EB19CEB2D400D90477 /* Yubin-Prefix.pch */ = {isa = PBXFileReference; lastKnownFileType = sourcecode.c.h; path = "Yubin-Prefix.pch"; sourceTree = "<group>"; };
		947842EC19CEB2D400D90477 /* AppDelegate.h */ = {isa = PBXFileReference; lastKnownFileType = sourcecode.c.h; path = AppDelegate.h; sourceTree = "<group>"; };
		947842ED19CEB2D400D90477 /* AppDelegate.m */ = {isa = PBXFileReference; lastKnownFileType = sourcecode.c.objc; path = AppDelegate.m; sourceTree = "<group>"; };
		947842F019CEB2D400D90477 /* Base */ = {isa = PBXFileReference; lastKnownFileType = file.storyboard; name = Base; path = Base.lproj/Main.storyboard; sourceTree = "<group>"; };
		947842F219CEB2D400D90477 /* ViewController.h */ = {isa = PBXFileReference; lastKnownFileType = sourcecode.c.h; path = ViewController.h; sourceTree = "<group>"; };
		947842F319CEB2D400D90477 /* ViewController.m */ = {isa = PBXFileReference; lastKnownFileType = sourcecode.c.objc; path = ViewController.m; sourceTree = "<group>"; };
		947842F519CEB2D400D90477 /* Images.xcassets */ = {isa = PBXFileReference; lastKnownFileType = folder.assetcatalog; path = Images.xcassets; sourceTree = "<group>"; };
		947842FB19CEB2D400D90477 /* YubinTests.xctest */ = {isa = PBXFileReference; explicitFileType = wrapper.cfbundle; includeInIndex = 0; path = YubinTests.xctest; sourceTree = BUILT_PRODUCTS_DIR; };
		947842FC19CEB2D400D90477 /* XCTest.framework */ = {isa = PBXFileReference; lastKnownFileType = wrapper.framework; name = XCTest.framework; path = Library/Frameworks/XCTest.framework; sourceTree = DEVELOPER_DIR; };
		9478430419CEB2D500D90477 /* YubinTests-Info.plist */ = {isa = PBXFileReference; lastKnownFileType = text.plist.xml; path = "YubinTests-Info.plist"; sourceTree = "<group>"; };
		9478430619CEB2D500D90477 /* en */ = {isa = PBXFileReference; lastKnownFileType = text.plist.strings; name = en; path = en.lproj/InfoPlist.strings; sourceTree = "<group>"; };
		9478430819CEB2D500D90477 /* YubinTests.m */ = {isa = PBXFileReference; lastKnownFileType = sourcecode.c.objc; path = YubinTests.m; sourceTree = "<group>"; };
		9478431219CEB30A00D90477 /* Yubin.h */ = {isa = PBXFileReference; fileEncoding = 4; lastKnownFileType = sourcecode.c.h; path = Yubin.h; sourceTree = "<group>"; };
		9478431319CEB30A00D90477 /* Yubin.m */ = {isa = PBXFileReference; fileEncoding = 4; lastKnownFileType = sourcecode.c.objc; path = Yubin.m; sourceTree = "<group>"; };
		9478431D19CEB87B00D90477 /* 13TOKYO.CSV */ = {isa = PBXFileReference; fileEncoding = 4; lastKnownFileType = text; path = 13TOKYO.CSV; sourceTree = "<group>"; };
/* End PBXFileReference section */

/* Begin PBXFrameworksBuildPhase section */
		947842D719CEB2D400D90477 /* Frameworks */ = {
			isa = PBXFrameworksBuildPhase;
			buildActionMask = 2147483647;
			files = (
				947842E019CEB2D400D90477 /* CoreGraphics.framework in Frameworks */,
				947842E219CEB2D400D90477 /* UIKit.framework in Frameworks */,
				947842DE19CEB2D400D90477 /* Foundation.framework in Frameworks */,
			);
			runOnlyForDeploymentPostprocessing = 0;
		};
		947842F819CEB2D400D90477 /* Frameworks */ = {
			isa = PBXFrameworksBuildPhase;
			buildActionMask = 2147483647;
			files = (
				947842FD19CEB2D400D90477 /* XCTest.framework in Frameworks */,
				947842FF19CEB2D500D90477 /* UIKit.framework in Frameworks */,
				947842FE19CEB2D500D90477 /* Foundation.framework in Frameworks */,
			);
			runOnlyForDeploymentPostprocessing = 0;
		};
/* End PBXFrameworksBuildPhase section */

/* Begin PBXGroup section */
		947842D119CEB2D400D90477 = {
			isa = PBXGroup;
			children = (
				947842E319CEB2D400D90477 /* Yubin */,
				9478430219CEB2D500D90477 /* YubinTests */,
				947842DC19CEB2D400D90477 /* Frameworks */,
				947842DB19CEB2D400D90477 /* Products */,
			);
			sourceTree = "<group>";
		};
		947842DB19CEB2D400D90477 /* Products */ = {
			isa = PBXGroup;
			children = (
				947842DA19CEB2D400D90477 /* Yubin.app */,
				947842FB19CEB2D400D90477 /* YubinTests.xctest */,
			);
			name = Products;
			sourceTree = "<group>";
		};
		947842DC19CEB2D400D90477 /* Frameworks */ = {
			isa = PBXGroup;
			children = (
				947842DD19CEB2D400D90477 /* Foundation.framework */,
				947842DF19CEB2D400D90477 /* CoreGraphics.framework */,
				947842E119CEB2D400D90477 /* UIKit.framework */,
				947842FC19CEB2D400D90477 /* XCTest.framework */,
			);
			name = Frameworks;
			sourceTree = "<group>";
		};
		947842E319CEB2D400D90477 /* Yubin */ = {
			isa = PBXGroup;
			children = (
				9478431D19CEB87B00D90477 /* 13TOKYO.CSV */,
				947842EC19CEB2D400D90477 /* AppDelegate.h */,
				947842ED19CEB2D400D90477 /* AppDelegate.m */,
				947842EF19CEB2D400D90477 /* Main.storyboard */,
				947842F219CEB2D400D90477 /* ViewController.h */,
				947842F319CEB2D400D90477 /* ViewController.m */,
				947842F519CEB2D400D90477 /* Images.xcassets */,
				947842E419CEB2D400D90477 /* Supporting Files */,
				9478431219CEB30A00D90477 /* Yubin.h */,
				9478431319CEB30A00D90477 /* Yubin.m */,
			);
			path = Yubin;
			sourceTree = "<group>";
		};
		947842E419CEB2D400D90477 /* Supporting Files */ = {
			isa = PBXGroup;
			children = (
				947842E519CEB2D400D90477 /* Yubin-Info.plist */,
				947842E619CEB2D400D90477 /* InfoPlist.strings */,
				947842E919CEB2D400D90477 /* main.m */,
				947842EB19CEB2D400D90477 /* Yubin-Prefix.pch */,
			);
			name = "Supporting Files";
			sourceTree = "<group>";
		};
		9478430219CEB2D500D90477 /* YubinTests */ = {
			isa = PBXGroup;
			children = (
				9478430819CEB2D500D90477 /* YubinTests.m */,
				9478430319CEB2D500D90477 /* Supporting Files */,
			);
			path = YubinTests;
			sourceTree = "<group>";
		};
		9478430319CEB2D500D90477 /* Supporting Files */ = {
			isa = PBXGroup;
			children = (
				9478430419CEB2D500D90477 /* YubinTests-Info.plist */,
				9478430519CEB2D500D90477 /* InfoPlist.strings */,
			);
			name = "Supporting Files";
			sourceTree = "<group>";
		};
/* End PBXGroup section */

/* Begin PBXNativeTarget section */
		947842D919CEB2D400D90477 /* Yubin */ = {
			isa = PBXNativeTarget;
			buildConfigurationList = 9478430C19CEB2D500D90477 /* Build configuration list for PBXNativeTarget "Yubin" */;
			buildPhases = (
				947842D619CEB2D400D90477 /* Sources */,
				947842D719CEB2D400D90477 /* Frameworks */,
				947842D819CEB2D400D90477 /* Resources */,
			);
			buildRules = (
			);
			dependencies = (
			);
			name = Yubin;
			productName = Yubin;
			productReference = 947842DA19CEB2D400D90477 /* Yubin.app */;
			productType = "com.apple.product-type.application";
		};
		947842FA19CEB2D400D90477 /* YubinTests */ = {
			isa = PBXNativeTarget;
			buildConfigurationList = 9478430F19CEB2D500D90477 /* Build configuration list for PBXNativeTarget "YubinTests" */;
			buildPhases = (
				947842F719CEB2D400D90477 /* Sources */,
				947842F819CEB2D400D90477 /* Frameworks */,
				947842F919CEB2D400D90477 /* Resources */,
			);
			buildRules = (
			);
			dependencies = (
				9478430119CEB2D500D90477 /* PBXTargetDependency */,
			);
			name = YubinTests;
			productName = YubinTests;
			productReference = 947842FB19CEB2D400D90477 /* YubinTests.xctest */;
			productType = "com.apple.product-type.bundle.unit-test";
		};
/* End PBXNativeTarget section */

/* Begin PBXProject section */
		947842D219CEB2D400D90477 /* Project object */ = {
			isa = PBXProject;
			attributes = {
				LastUpgradeCheck = 0510;
				ORGANIZATIONNAME = zabaglione;
				TargetAttributes = {
					947842FA19CEB2D400D90477 = {
						TestTargetID = 947842D919CEB2D400D90477;
					};
				};
			};
			buildConfigurationList = 947842D519CEB2D400D90477 /* Build configuration list for PBXProject "Yubin" */;
			compatibilityVersion = "Xcode 3.2";
			developmentRegion = English;
			hasScannedForEncodings = 0;
			knownRegions = (
				en,
				Base,
			);
			mainGroup = 947842D119CEB2D400D90477;
			productRefGroup = 947842DB19CEB2D400D90477 /* Products */;
			projectDirPath = "";
			projectRoot = "";
			targets = (
				947842D919CEB2D400D90477 /* Yubin */,
				947842FA19CEB2D400D90477 /* YubinTests */,
			);
		};
/* End PBXProject section */

/* Begin PBXResourcesBuildPhase section */
		947842D819CEB2D400D90477 /* Resources */ = {
			isa = PBXResourcesBuildPhase;
			buildActionMask = 2147483647;
			files = (
				947842F619CEB2D400D90477 /* Images.xcassets in Resources */,
				947842E819CEB2D400D90477 /* InfoPlist.strings in Resources */,
				947842F119CEB2D400D90477 /* Main.storyboard in Resources */,
				9478431E19CEB87B00D90477 /* 13TOKYO.CSV in Resources */,
			);
			runOnlyForDeploymentPostprocessing = 0;
		};
		947842F919CEB2D400D90477 /* Resources */ = {
			isa = PBXResourcesBuildPhase;
			buildActionMask = 2147483647;
			files = (
				9478430719CEB2D500D90477 /* InfoPlist.strings in Resources */,
			);
			runOnlyForDeploymentPostprocessing = 0;
		};
/* End PBXResourcesBuildPhase section */

/* Begin PBXSourcesBuildPhase section */
		947842D619CEB2D400D90477 /* Sources */ = {
			isa = PBXSourcesBuildPhase;
			buildActionMask = 2147483647;
			files = (
				947842F419CEB2D400D90477 /* ViewController.m in Sources */,
				9478431419CEB30A00D90477 /* Yubin.m in Sources */,
				947842EE19CEB2D400D90477 /* AppDelegate.m in Sources */,
				947842EA19CEB2D400D90477 /* main.m in Sources */,
			);
			runOnlyForDeploymentPostprocessing = 0;
		};
		947842F719CEB2D400D90477 /* Sources */ = {
			isa = PBXSourcesBuildPhase;
			buildActionMask = 2147483647;
			files = (
				9478430919CEB2D500D90477 /* YubinTests.m in Sources */,
			);
			runOnlyForDeploymentPostprocessing = 0;
		};
/* End PBXSourcesBuildPhase section */

/* Begin PBXTargetDependency section */
		9478430119CEB2D500D90477 /* PBXTargetDependency */ = {
			isa = PBXTargetDependency;
			target = 947842D919CEB2D400D90477 /* Yubin */;
			targetProxy = 9478430019CEB2D500D90477 /* PBXContainerItemProxy */;
		};
/* End PBXTargetDependency section */

/* Begin PBXVariantGroup section */
		947842E619CEB2D400D90477 /* InfoPlist.strings */ = {
			isa = PBXVariantGroup;
			children = (
				947842E719CEB2D400D90477 /* en */,
			);
			name = InfoPlist.strings;
			sourceTree = "<group>";
		};
		947842EF19CEB2D400D90477 /* Main.storyboard */ = {
			isa = PBXVariantGroup;
			children = (
				947842F019CEB2D400D90477 /* Base */,
			);
			name = Main.storyboard;
			sourceTree = "<group>";
		};
		9478430519CEB2D500D90477 /* InfoPlist.strings */ = {
			isa = PBXVariantGroup;
			children = (
				9478430619CEB2D500D90477 /* en */,
			);
			name = InfoPlist.strings;
			sourceTree = "<group>";
		};
/* End PBXVariantGroup section */

/* Begin XCBuildConfiguration section */
		9478430A19CEB2D500D90477 /* Debug */ = {
			isa = XCBuildConfiguration;
			buildSettings = {
				ALWAYS_SEARCH_USER_PATHS = NO;
				CLANG_CXX_LANGUAGE_STANDARD = "gnu++0x";
				CLANG_CXX_LIBRARY = "libc++";
				CLANG_ENABLE_MODULES = YES;
				CLANG_ENABLE_OBJC_ARC = YES;
				CLANG_WARN_BOOL_CONVERSION = YES;
				CLANG_WARN_CONSTANT_CONVERSION = YES;
				CLANG_WARN_DIRECT_OBJC_ISA_USAGE = YES_ERROR;
				CLANG_WARN_EMPTY_BODY = YES;
				CLANG_WARN_ENUM_CONVERSION = YES;
				CLANG_WARN_INT_CONVERSION = YES;
				CLANG_WARN_OBJC_ROOT_CLASS = YES_ERROR;
				CLANG_WARN__DUPLICATE_METHOD_MATCH = YES;
				"CODE_SIGN_IDENTITY[sdk=iphoneos*]" = "iPhone Developer";
				COPY_PHASE_STRIP = NO;
				GCC_C_LANGUAGE_STANDARD = gnu99;
				GCC_DYNAMIC_NO_PIC = NO;
				GCC_OPTIMIZATION_LEVEL = 0;
				GCC_PREPROCESSOR_DEFINITIONS = (
					"DEBUG=1",
					"$(inherited)",
				);
				GCC_SYMBOLS_PRIVATE_EXTERN = NO;
				GCC_WARN_64_TO_32_BIT_CONVERSION = YES;
				GCC_WARN_ABOUT_RETURN_TYPE = YES_ERROR;
				GCC_WARN_UNDECLARED_SELECTOR = YES;
				GCC_WARN_UNINITIALIZED_AUTOS = YES_AGGRESSIVE;
				GCC_WARN_UNUSED_FUNCTION = YES;
				GCC_WARN_UNUSED_VARIABLE = YES;
				IPHONEOS_DEPLOYMENT_TARGET = 7.1;
				ONLY_ACTIVE_ARCH = YES;
				SDKROOT = iphoneos;
			};
			name = Debug;
		};
		9478430B19CEB2D500D90477 /* Release */ = {
			isa = XCBuildConfiguration;
			buildSettings = {
				ALWAYS_SEARCH_USER_PATHS = NO;
				CLANG_CXX_LANGUAGE_STANDARD = "gnu++0x";
				CLANG_CXX_LIBRARY = "libc++";
				CLANG_ENABLE_MODULES = YES;
				CLANG_ENABLE_OBJC_ARC = YES;
				CLANG_WARN_BOOL_CONVERSION = YES;
				CLANG_WARN_CONSTANT_CONVERSION = YES;
				CLANG_WARN_DIRECT_OBJC_ISA_USAGE = YES_ERROR;
				CLANG_WARN_EMPTY_BODY = YES;
				CLANG_WARN_ENUM_CONVERSION = YES;
				CLANG_WARN_INT_CONVERSION = YES;
				CLANG_WARN_OBJC_ROOT_CLASS = YES_ERROR;
				CLANG_WARN__DUPLICATE_METHOD_MATCH = YES;
				"CODE_SIGN_IDENTITY[sdk=iphoneos*]" = "iPhone Developer";
				COPY_PHASE_STRIP = YES;
				ENABLE_NS_ASSERTIONS = NO;
				GCC_C_LANGUAGE_STANDARD = gnu99;
				GCC_WARN_64_TO_32_BIT_CONVERSION = YES;
				GCC_WARN_ABOUT_RETURN_TYPE = YES_ERROR;
				GCC_WARN_UNDECLARED_SELECTOR = YES;
				GCC_WARN_UNINITIALIZED_AUTOS = YES_AGGRESSIVE;
				GCC_WARN_UNUSED_FUNCTION = YES;
				GCC_WARN_UNUSED_VARIABLE = YES;
				IPHONEOS_DEPLOYMENT_TARGET = 7.1;
				SDKROOT = iphoneos;
				VALIDATE_PRODUCT = YES;
			};
			name = Release;
		};
		9478430D19CEB2D500D90477 /* Debug */ = {
			isa = XCBuildConfiguration;
			buildSettings = {
				ASSETCATALOG_COMPILER_APPICON_NAME = AppIcon;
				ASSETCATALOG_COMPILER_LAUNCHIMAGE_NAME = LaunchImage;
				GCC_PRECOMPILE_PREFIX_HEADER = YES;
				GCC_PREFIX_HEADER = "Yubin/Yubin-Prefix.pch";
				INFOPLIST_FILE = "Yubin/Yubin-Info.plist";
				PRODUCT_NAME = "$(TARGET_NAME)";
				WRAPPER_EXTENSION = app;
			};
			name = Debug;
		};
		9478430E19CEB2D500D90477 /* Release */ = {
			isa = XCBuildConfiguration;
			buildSettings = {
				ASSETCATALOG_COMPILER_APPICON_NAME = AppIcon;
				ASSETCATALOG_COMPILER_LAUNCHIMAGE_NAME = LaunchImage;
				GCC_PRECOMPILE_PREFIX_HEADER = YES;
				GCC_PREFIX_HEADER = "Yubin/Yubin-Prefix.pch";
				INFOPLIST_FILE = "Yubin/Yubin-Info.plist";
				PRODUCT_NAME = "$(TARGET_NAME)";
				WRAPPER_EXTENSION = app;
			};
			name = Release;
		};
		9478431019CEB2D500D90477 /* Debug */ = {
			isa = XCBuildConfiguration;
			buildSettings = {
				BUNDLE_LOADER = "$(BUILT_PRODUCTS_DIR)/Yubin.app/Yubin";
				FRAMEWORK_SEARCH_PATHS = (
					"$(SDKROOT)/Developer/Library/Frameworks",
					"$(inherited)",
					"$(DEVELOPER_FRAMEWORKS_DIR)",
				);
				GCC_PRECOMPILE_PREFIX_HEADER = YES;
				GCC_PREFIX_HEADER = "Yubin/Yubin-Prefix.pch";
				GCC_PREPROCESSOR_DEFINITIONS = (
					"DEBUG=1",
					"$(inherited)",
				);
				INFOPLIST_FILE = "YubinTests/YubinTests-Info.plist";
				PRODUCT_NAME = "$(TARGET_NAME)";
				TEST_HOST = "$(BUNDLE_LOADER)";
				WRAPPER_EXTENSION = xctest;
			};
			name = Debug;
		};
		9478431119CEB2D500D90477 /* Release */ = {
			isa = XCBuildConfiguration;
			buildSettings = {
				BUNDLE_LOADER = "$(BUILT_PRODUCTS_DIR)/Yubin.app/Yubin";
				FRAMEWORK_SEARCH_PATHS = (
					"$(SDKROOT)/Developer/Library/Frameworks",
					"$(inherited)",
					"$(DEVELOPER_FRAMEWORKS_DIR)",
				);
				GCC_PRECOMPILE_PREFIX_HEADER = YES;
				GCC_PREFIX_HEADER = "Yubin/Yubin-Prefix.pch";
				INFOPLIST_FILE = "YubinTests/YubinTests-Info.plist";
				PRODUCT_NAME = "$(TARGET_NAME)";
				TEST_HOST = "$(BUNDLE_LOADER)";
				WRAPPER_EXTENSION = xctest;
			};
			name = Release;
		};
/* End XCBuildConfiguration section */

/* Begin XCConfigurationList section */
		947842D519CEB2D400D90477 /* Build configuration list for PBXProject "Yubin" */ = {
			isa = XCConfigurationList;
			buildConfigurations = (
				9478430A19CEB2D500D90477 /* Debug */,
				9478430B19CEB2D500D90477 /* Release */,
			);
			defaultConfigurationIsVisible = 0;
			defaultConfigurationName = Release;
		};
		9478430C19CEB2D500D90477 /* Build configuration list for PBXNativeTarget "Yubin" */ = {
			isa = XCConfigurationList;
			buildConfigurations = (
				9478430D19CEB2D500D90477 /* Debug */,
				9478430E19CEB2D500D90477 /* Release */,
			);
			defaultConfigurationIsVisible = 0;
		};
		9478430F19CEB2D500D90477 /* Build configuration list for PBXNativeTarget "YubinTests" */ = {
			isa = XCConfigurationList;
			buildConfigurations = (
				9478431019CEB2D500D90477 /* Debug */,
				9478431119CEB2D500D90477 /* Release */,
			);
			defaultConfigurationIsVisible = 0;
		};
/* End XCConfigurationList section */
	};
	rootObject = 947842D219CEB2D400D90477 /* Project object */;
}
