// !$*UTF8*$!
{
	archiveVersion = 1;
	classes = {
	};
	objectVersion = 46;
	objects = {

/* Begin PBXBuildFile section */
		3F4E2F6719662FA200A73D45 /* Foundation.framework in Frameworks */ = {isa = PBXBuildFile; fileRef = 3F4E2F6619662FA200A73D45 /* Foundation.framework */; };
		3F4E2F6919662FA200A73D45 /* CoreGraphics.framework in Frameworks */ = {isa = PBXBuildFile; fileRef = 3F4E2F6819662FA200A73D45 /* CoreGraphics.framework */; };
		3F4E2F6B19662FA200A73D45 /* UIKit.framework in Frameworks */ = {isa = PBXBuildFile; fileRef = 3F4E2F6A19662FA200A73D45 /* UIKit.framework */; };
		3F4E2F7119662FA200A73D45 /* InfoPlist.strings in Resources */ = {isa = PBXBuildFile; fileRef = 3F4E2F6F19662FA200A73D45 /* InfoPlist.strings */; };
		3F4E2F7319662FA200A73D45 /* main.m in Sources */ = {isa = PBXBuildFile; fileRef = 3F4E2F7219662FA200A73D45 /* main.m */; };
		3F4E2F7719662FA200A73D45 /* AppDelegate.m in Sources */ = {isa = PBXBuildFile; fileRef = 3F4E2F7619662FA200A73D45 /* AppDelegate.m */; };
		3F4E2F7A19662FA200A73D45 /* Main.storyboard in Resources */ = {isa = PBXBuildFile; fileRef = 3F4E2F7819662FA200A73D45 /* Main.storyboard */; };
		3F4E2F7D19662FA200A73D45 /* ViewController.m in Sources */ = {isa = PBXBuildFile; fileRef = 3F4E2F7C19662FA200A73D45 /* ViewController.m */; };
		3F4E2F7F19662FA200A73D45 /* Images.xcassets in Resources */ = {isa = PBXBuildFile; fileRef = 3F4E2F7E19662FA200A73D45 /* Images.xcassets */; };
		3F4E2F8619662FA200A73D45 /* XCTest.framework in Frameworks */ = {isa = PBXBuildFile; fileRef = 3F4E2F8519662FA200A73D45 /* XCTest.framework */; };
		3F4E2F8719662FA200A73D45 /* Foundation.framework in Frameworks */ = {isa = PBXBuildFile; fileRef = 3F4E2F6619662FA200A73D45 /* Foundation.framework */; };
		3F4E2F8819662FA200A73D45 /* UIKit.framework in Frameworks */ = {isa = PBXBuildFile; fileRef = 3F4E2F6A19662FA200A73D45 /* UIKit.framework */; };
		3F4E2F9019662FA200A73D45 /* InfoPlist.strings in Resources */ = {isa = PBXBuildFile; fileRef = 3F4E2F8E19662FA200A73D45 /* InfoPlist.strings */; };
		3F4E2F9219662FA200A73D45 /* HitAndBlowTests.m in Sources */ = {isa = PBXBuildFile; fileRef = 3F4E2F9119662FA200A73D45 /* HitAndBlowTests.m */; };
/* End PBXBuildFile section */

/* Begin PBXContainerItemProxy section */
		3F4E2F8919662FA200A73D45 /* PBXContainerItemProxy */ = {
			isa = PBXContainerItemProxy;
			containerPortal = 3F4E2F5B19662FA200A73D45 /* Project object */;
			proxyType = 1;
			remoteGlobalIDString = 3F4E2F6219662FA200A73D45;
			remoteInfo = HitAndBlow;
		};
/* End PBXContainerItemProxy section */

/* Begin PBXFileReference section */
		3F4E2F6319662FA200A73D45 /* HitAndBlow.app */ = {isa = PBXFileReference; explicitFileType = wrapper.application; includeInIndex = 0; path = HitAndBlow.app; sourceTree = BUILT_PRODUCTS_DIR; };
		3F4E2F6619662FA200A73D45 /* Foundation.framework */ = {isa = PBXFileReference; lastKnownFileType = wrapper.framework; name = Foundation.framework; path = System/Library/Frameworks/Foundation.framework; sourceTree = SDKROOT; };
		3F4E2F6819662FA200A73D45 /* CoreGraphics.framework */ = {isa = PBXFileReference; lastKnownFileType = wrapper.framework; name = CoreGraphics.framework; path = System/Library/Frameworks/CoreGraphics.framework; sourceTree = SDKROOT; };
		3F4E2F6A19662FA200A73D45 /* UIKit.framework */ = {isa = PBXFileReference; lastKnownFileType = wrapper.framework; name = UIKit.framework; path = System/Library/Frameworks/UIKit.framework; sourceTree = SDKROOT; };
		3F4E2F6E19662FA200A73D45 /* HitAndBlow-Info.plist */ = {isa = PBXFileReference; lastKnownFileType = text.plist.xml; path = "HitAndBlow-Info.plist"; sourceTree = "<group>"; };
		3F4E2F7019662FA200A73D45 /* en */ = {isa = PBXFileReference; lastKnownFileType = text.plist.strings; name = en; path = en.lproj/InfoPlist.strings; sourceTree = "<group>"; };
		3F4E2F7219662FA200A73D45 /* main.m */ = {isa = PBXFileReference; lastKnownFileType = sourcecode.c.objc; path = main.m; sourceTree = "<group>"; };
		3F4E2F7419662FA200A73D45 /* HitAndBlow-Prefix.pch */ = {isa = PBXFileReference; lastKnownFileType = sourcecode.c.h; path = "HitAndBlow-Prefix.pch"; sourceTree = "<group>"; };
		3F4E2F7519662FA200A73D45 /* AppDelegate.h */ = {isa = PBXFileReference; lastKnownFileType = sourcecode.c.h; path = AppDelegate.h; sourceTree = "<group>"; };
		3F4E2F7619662FA200A73D45 /* AppDelegate.m */ = {isa = PBXFileReference; lastKnownFileType = sourcecode.c.objc; path = AppDelegate.m; sourceTree = "<group>"; };
		3F4E2F7919662FA200A73D45 /* Base */ = {isa = PBXFileReference; lastKnownFileType = file.storyboard; name = Base; path = Base.lproj/Main.storyboard; sourceTree = "<group>"; };
		3F4E2F7B19662FA200A73D45 /* ViewController.h */ = {isa = PBXFileReference; lastKnownFileType = sourcecode.c.h; path = ViewController.h; sourceTree = "<group>"; };
		3F4E2F7C19662FA200A73D45 /* ViewController.m */ = {isa = PBXFileReference; lastKnownFileType = sourcecode.c.objc; path = ViewController.m; sourceTree = "<group>"; };
		3F4E2F7E19662FA200A73D45 /* Images.xcassets */ = {isa = PBXFileReference; lastKnownFileType = folder.assetcatalog; path = Images.xcassets; sourceTree = "<group>"; };
		3F4E2F8419662FA200A73D45 /* HitAndBlowTests.xctest */ = {isa = PBXFileReference; explicitFileType = wrapper.cfbundle; includeInIndex = 0; path = HitAndBlowTests.xctest; sourceTree = BUILT_PRODUCTS_DIR; };
		3F4E2F8519662FA200A73D45 /* XCTest.framework */ = {isa = PBXFileReference; lastKnownFileType = wrapper.framework; name = XCTest.framework; path = Library/Frameworks/XCTest.framework; sourceTree = DEVELOPER_DIR; };
		3F4E2F8D19662FA200A73D45 /* HitAndBlowTests-Info.plist */ = {isa = PBXFileReference; lastKnownFileType = text.plist.xml; path = "HitAndBlowTests-Info.plist"; sourceTree = "<group>"; };
		3F4E2F8F19662FA200A73D45 /* en */ = {isa = PBXFileReference; lastKnownFileType = text.plist.strings; name = en; path = en.lproj/InfoPlist.strings; sourceTree = "<group>"; };
		3F4E2F9119662FA200A73D45 /* HitAndBlowTests.m */ = {isa = PBXFileReference; lastKnownFileType = sourcecode.c.objc; path = HitAndBlowTests.m; sourceTree = "<group>"; };
/* End PBXFileReference section */

/* Begin PBXFrameworksBuildPhase section */
		3F4E2F6019662FA200A73D45 /* Frameworks */ = {
			isa = PBXFrameworksBuildPhase;
			buildActionMask = 2147483647;
			files = (
				3F4E2F6919662FA200A73D45 /* CoreGraphics.framework in Frameworks */,
				3F4E2F6B19662FA200A73D45 /* UIKit.framework in Frameworks */,
				3F4E2F6719662FA200A73D45 /* Foundation.framework in Frameworks */,
			);
			runOnlyForDeploymentPostprocessing = 0;
		};
		3F4E2F8119662FA200A73D45 /* Frameworks */ = {
			isa = PBXFrameworksBuildPhase;
			buildActionMask = 2147483647;
			files = (
				3F4E2F8619662FA200A73D45 /* XCTest.framework in Frameworks */,
				3F4E2F8819662FA200A73D45 /* UIKit.framework in Frameworks */,
				3F4E2F8719662FA200A73D45 /* Foundation.framework in Frameworks */,
			);
			runOnlyForDeploymentPostprocessing = 0;
		};
/* End PBXFrameworksBuildPhase section */

/* Begin PBXGroup section */
		3F4E2F5A19662FA200A73D45 = {
			isa = PBXGroup;
			children = (
				3F4E2F6C19662FA200A73D45 /* HitAndBlow */,
				3F4E2F8B19662FA200A73D45 /* HitAndBlowTests */,
				3F4E2F6519662FA200A73D45 /* Frameworks */,
				3F4E2F6419662FA200A73D45 /* Products */,
			);
			sourceTree = "<group>";
		};
		3F4E2F6419662FA200A73D45 /* Products */ = {
			isa = PBXGroup;
			children = (
				3F4E2F6319662FA200A73D45 /* HitAndBlow.app */,
				3F4E2F8419662FA200A73D45 /* HitAndBlowTests.xctest */,
			);
			name = Products;
			sourceTree = "<group>";
		};
		3F4E2F6519662FA200A73D45 /* Frameworks */ = {
			isa = PBXGroup;
			children = (
				3F4E2F6619662FA200A73D45 /* Foundation.framework */,
				3F4E2F6819662FA200A73D45 /* CoreGraphics.framework */,
				3F4E2F6A19662FA200A73D45 /* UIKit.framework */,
				3F4E2F8519662FA200A73D45 /* XCTest.framework */,
			);
			name = Frameworks;
			sourceTree = "<group>";
		};
		3F4E2F6C19662FA200A73D45 /* HitAndBlow */ = {
			isa = PBXGroup;
			children = (
				3F4E2F7519662FA200A73D45 /* AppDelegate.h */,
				3F4E2F7619662FA200A73D45 /* AppDelegate.m */,
				3F4E2F7819662FA200A73D45 /* Main.storyboard */,
				3F4E2F7B19662FA200A73D45 /* ViewController.h */,
				3F4E2F7C19662FA200A73D45 /* ViewController.m */,
				3F4E2F7E19662FA200A73D45 /* Images.xcassets */,
				3F4E2F6D19662FA200A73D45 /* Supporting Files */,
			);
			path = HitAndBlow;
			sourceTree = "<group>";
		};
		3F4E2F6D19662FA200A73D45 /* Supporting Files */ = {
			isa = PBXGroup;
			children = (
				3F4E2F6E19662FA200A73D45 /* HitAndBlow-Info.plist */,
				3F4E2F6F19662FA200A73D45 /* InfoPlist.strings */,
				3F4E2F7219662FA200A73D45 /* main.m */,
				3F4E2F7419662FA200A73D45 /* HitAndBlow-Prefix.pch */,
			);
			name = "Supporting Files";
			sourceTree = "<group>";
		};
		3F4E2F8B19662FA200A73D45 /* HitAndBlowTests */ = {
			isa = PBXGroup;
			children = (
				3F4E2F9119662FA200A73D45 /* HitAndBlowTests.m */,
				3F4E2F8C19662FA200A73D45 /* Supporting Files */,
			);
			path = HitAndBlowTests;
			sourceTree = "<group>";
		};
		3F4E2F8C19662FA200A73D45 /* Supporting Files */ = {
			isa = PBXGroup;
			children = (
				3F4E2F8D19662FA200A73D45 /* HitAndBlowTests-Info.plist */,
				3F4E2F8E19662FA200A73D45 /* InfoPlist.strings */,
			);
			name = "Supporting Files";
			sourceTree = "<group>";
		};
/* End PBXGroup section */

/* Begin PBXNativeTarget section */
		3F4E2F6219662FA200A73D45 /* HitAndBlow */ = {
			isa = PBXNativeTarget;
			buildConfigurationList = 3F4E2F9519662FA200A73D45 /* Build configuration list for PBXNativeTarget "HitAndBlow" */;
			buildPhases = (
				3F4E2F5F19662FA200A73D45 /* Sources */,
				3F4E2F6019662FA200A73D45 /* Frameworks */,
				3F4E2F6119662FA200A73D45 /* Resources */,
			);
			buildRules = (
			);
			dependencies = (
			);
			name = HitAndBlow;
			productName = HitAndBlow;
			productReference = 3F4E2F6319662FA200A73D45 /* HitAndBlow.app */;
			productType = "com.apple.product-type.application";
		};
		3F4E2F8319662FA200A73D45 /* HitAndBlowTests */ = {
			isa = PBXNativeTarget;
			buildConfigurationList = 3F4E2F9819662FA200A73D45 /* Build configuration list for PBXNativeTarget "HitAndBlowTests" */;
			buildPhases = (
				3F4E2F8019662FA200A73D45 /* Sources */,
				3F4E2F8119662FA200A73D45 /* Frameworks */,
				3F4E2F8219662FA200A73D45 /* Resources */,
			);
			buildRules = (
			);
			dependencies = (
				3F4E2F8A19662FA200A73D45 /* PBXTargetDependency */,
			);
			name = HitAndBlowTests;
			productName = HitAndBlowTests;
			productReference = 3F4E2F8419662FA200A73D45 /* HitAndBlowTests.xctest */;
			productType = "com.apple.product-type.bundle.unit-test";
		};
/* End PBXNativeTarget section */

/* Begin PBXProject section */
		3F4E2F5B19662FA200A73D45 /* Project object */ = {
			isa = PBXProject;
			attributes = {
				LastUpgradeCheck = 0510;
				ORGANIZATIONNAME = student;
				TargetAttributes = {
					3F4E2F8319662FA200A73D45 = {
						TestTargetID = 3F4E2F6219662FA200A73D45;
					};
				};
			};
			buildConfigurationList = 3F4E2F5E19662FA200A73D45 /* Build configuration list for PBXProject "HitAndBlow" */;
			compatibilityVersion = "Xcode 3.2";
			developmentRegion = English;
			hasScannedForEncodings = 0;
			knownRegions = (
				en,
				Base,
			);
			mainGroup = 3F4E2F5A19662FA200A73D45;
			productRefGroup = 3F4E2F6419662FA200A73D45 /* Products */;
			projectDirPath = "";
			projectRoot = "";
			targets = (
				3F4E2F6219662FA200A73D45 /* HitAndBlow */,
				3F4E2F8319662FA200A73D45 /* HitAndBlowTests */,
			);
		};
/* End PBXProject section */

/* Begin PBXResourcesBuildPhase section */
		3F4E2F6119662FA200A73D45 /* Resources */ = {
			isa = PBXResourcesBuildPhase;
			buildActionMask = 2147483647;
			files = (
				3F4E2F7F19662FA200A73D45 /* Images.xcassets in Resources */,
				3F4E2F7119662FA200A73D45 /* InfoPlist.strings in Resources */,
				3F4E2F7A19662FA200A73D45 /* Main.storyboard in Resources */,
			);
			runOnlyForDeploymentPostprocessing = 0;
		};
		3F4E2F8219662FA200A73D45 /* Resources */ = {
			isa = PBXResourcesBuildPhase;
			buildActionMask = 2147483647;
			files = (
				3F4E2F9019662FA200A73D45 /* InfoPlist.strings in Resources */,
			);
			runOnlyForDeploymentPostprocessing = 0;
		};
/* End PBXResourcesBuildPhase section */

/* Begin PBXSourcesBuildPhase section */
		3F4E2F5F19662FA200A73D45 /* Sources */ = {
			isa = PBXSourcesBuildPhase;
			buildActionMask = 2147483647;
			files = (
				3F4E2F7D19662FA200A73D45 /* ViewController.m in Sources */,
				3F4E2F7719662FA200A73D45 /* AppDelegate.m in Sources */,
				3F4E2F7319662FA200A73D45 /* main.m in Sources */,
			);
			runOnlyForDeploymentPostprocessing = 0;
		};
		3F4E2F8019662FA200A73D45 /* Sources */ = {
			isa = PBXSourcesBuildPhase;
			buildActionMask = 2147483647;
			files = (
				3F4E2F9219662FA200A73D45 /* HitAndBlowTests.m in Sources */,
			);
			runOnlyForDeploymentPostprocessing = 0;
		};
/* End PBXSourcesBuildPhase section */

/* Begin PBXTargetDependency section */
		3F4E2F8A19662FA200A73D45 /* PBXTargetDependency */ = {
			isa = PBXTargetDependency;
			target = 3F4E2F6219662FA200A73D45 /* HitAndBlow */;
			targetProxy = 3F4E2F8919662FA200A73D45 /* PBXContainerItemProxy */;
		};
/* End PBXTargetDependency section */

/* Begin PBXVariantGroup section */
		3F4E2F6F19662FA200A73D45 /* InfoPlist.strings */ = {
			isa = PBXVariantGroup;
			children = (
				3F4E2F7019662FA200A73D45 /* en */,
			);
			name = InfoPlist.strings;
			sourceTree = "<group>";
		};
		3F4E2F7819662FA200A73D45 /* Main.storyboard */ = {
			isa = PBXVariantGroup;
			children = (
				3F4E2F7919662FA200A73D45 /* Base */,
			);
			name = Main.storyboard;
			sourceTree = "<group>";
		};
		3F4E2F8E19662FA200A73D45 /* InfoPlist.strings */ = {
			isa = PBXVariantGroup;
			children = (
				3F4E2F8F19662FA200A73D45 /* en */,
			);
			name = InfoPlist.strings;
			sourceTree = "<group>";
		};
/* End PBXVariantGroup section */

/* Begin XCBuildConfiguration section */
		3F4E2F9319662FA200A73D45 /* Debug */ = {
			isa = XCBuildConfiguration;
			buildSettings = {
				ALWAYS_SEARCH_USER_PATHS = NO;
				CLANG_CXX_LANGUAGE_STANDARD = "gnu++0x";
				CLANG_CXX_LIBRARY = "libc++";
				CLANG_ENABLE_MODULES = YES;
				CLANG_ENABLE_OBJC_ARC = YES;
				CLANG_WARN_BOOL_CONVERSION = YES;
				CLANG_WARN_CONSTANT_CONVERSION = YES;
				CLANG_WARN_DIRECT_OBJC_ISA_USAGE = YES_ERROR;
				CLANG_WARN_EMPTY_BODY = YES;
				CLANG_WARN_ENUM_CONVERSION = YES;
				CLANG_WARN_INT_CONVERSION = YES;
				CLANG_WARN_OBJC_ROOT_CLASS = YES_ERROR;
				CLANG_WARN__DUPLICATE_METHOD_MATCH = YES;
				"CODE_SIGN_IDENTITY[sdk=iphoneos*]" = "iPhone Developer";
				COPY_PHASE_STRIP = NO;
				GCC_C_LANGUAGE_STANDARD = gnu99;
				GCC_DYNAMIC_NO_PIC = NO;
				GCC_OPTIMIZATION_LEVEL = 0;
				GCC_PREPROCESSOR_DEFINITIONS = (
					"DEBUG=1",
					"$(inherited)",
				);
				GCC_SYMBOLS_PRIVATE_EXTERN = NO;
				GCC_WARN_64_TO_32_BIT_CONVERSION = YES;
				GCC_WARN_ABOUT_RETURN_TYPE = YES_ERROR;
				GCC_WARN_UNDECLARED_SELECTOR = YES;
				GCC_WARN_UNINITIALIZED_AUTOS = YES_AGGRESSIVE;
				GCC_WARN_UNUSED_FUNCTION = YES;
				GCC_WARN_UNUSED_VARIABLE = YES;
				IPHONEOS_DEPLOYMENT_TARGET = 7.1;
				ONLY_ACTIVE_ARCH = YES;
				SDKROOT = iphoneos;
			};
			name = Debug;
		};
		3F4E2F9419662FA200A73D45 /* Release */ = {
			isa = XCBuildConfiguration;
			buildSettings = {
				ALWAYS_SEARCH_USER_PATHS = NO;
				CLANG_CXX_LANGUAGE_STANDARD = "gnu++0x";
				CLANG_CXX_LIBRARY = "libc++";
				CLANG_ENABLE_MODULES = YES;
				CLANG_ENABLE_OBJC_ARC = YES;
				CLANG_WARN_BOOL_CONVERSION = YES;
				CLANG_WARN_CONSTANT_CONVERSION = YES;
				CLANG_WARN_DIRECT_OBJC_ISA_USAGE = YES_ERROR;
				CLANG_WARN_EMPTY_BODY = YES;
				CLANG_WARN_ENUM_CONVERSION = YES;
				CLANG_WARN_INT_CONVERSION = YES;
				CLANG_WARN_OBJC_ROOT_CLASS = YES_ERROR;
				CLANG_WARN__DUPLICATE_METHOD_MATCH = YES;
				"CODE_SIGN_IDENTITY[sdk=iphoneos*]" = "iPhone Developer";
				COPY_PHASE_STRIP = YES;
				ENABLE_NS_ASSERTIONS = NO;
				GCC_C_LANGUAGE_STANDARD = gnu99;
				GCC_WARN_64_TO_32_BIT_CONVERSION = YES;
				GCC_WARN_ABOUT_RETURN_TYPE = YES_ERROR;
				GCC_WARN_UNDECLARED_SELECTOR = YES;
				GCC_WARN_UNINITIALIZED_AUTOS = YES_AGGRESSIVE;
				GCC_WARN_UNUSED_FUNCTION = YES;
				GCC_WARN_UNUSED_VARIABLE = YES;
				IPHONEOS_DEPLOYMENT_TARGET = 7.1;
				SDKROOT = iphoneos;
				VALIDATE_PRODUCT = YES;
			};
			name = Release;
		};
		3F4E2F9619662FA200A73D45 /* Debug */ = {
			isa = XCBuildConfiguration;
			buildSettings = {
				ASSETCATALOG_COMPILER_APPICON_NAME = AppIcon;
				ASSETCATALOG_COMPILER_LAUNCHIMAGE_NAME = LaunchImage;
				GCC_PRECOMPILE_PREFIX_HEADER = YES;
				GCC_PREFIX_HEADER = "HitAndBlow/HitAndBlow-Prefix.pch";
				INFOPLIST_FILE = "HitAndBlow/HitAndBlow-Info.plist";
				PRODUCT_NAME = "$(TARGET_NAME)";
				WRAPPER_EXTENSION = app;
			};
			name = Debug;
		};
		3F4E2F9719662FA200A73D45 /* Release */ = {
			isa = XCBuildConfiguration;
			buildSettings = {
				ASSETCATALOG_COMPILER_APPICON_NAME = AppIcon;
				ASSETCATALOG_COMPILER_LAUNCHIMAGE_NAME = LaunchImage;
				GCC_PRECOMPILE_PREFIX_HEADER = YES;
				GCC_PREFIX_HEADER = "HitAndBlow/HitAndBlow-Prefix.pch";
				INFOPLIST_FILE = "HitAndBlow/HitAndBlow-Info.plist";
				PRODUCT_NAME = "$(TARGET_NAME)";
				WRAPPER_EXTENSION = app;
			};
			name = Release;
		};
		3F4E2F9919662FA200A73D45 /* Debug */ = {
			isa = XCBuildConfiguration;
			buildSettings = {
				BUNDLE_LOADER = "$(BUILT_PRODUCTS_DIR)/HitAndBlow.app/HitAndBlow";
				FRAMEWORK_SEARCH_PATHS = (
					"$(SDKROOT)/Developer/Library/Frameworks",
					"$(inherited)",
					"$(DEVELOPER_FRAMEWORKS_DIR)",
				);
				GCC_PRECOMPILE_PREFIX_HEADER = YES;
				GCC_PREFIX_HEADER = "HitAndBlow/HitAndBlow-Prefix.pch";
				GCC_PREPROCESSOR_DEFINITIONS = (
					"DEBUG=1",
					"$(inherited)",
				);
				INFOPLIST_FILE = "HitAndBlowTests/HitAndBlowTests-Info.plist";
				PRODUCT_NAME = "$(TARGET_NAME)";
				TEST_HOST = "$(BUNDLE_LOADER)";
				WRAPPER_EXTENSION = xctest;
			};
			name = Debug;
		};
		3F4E2F9A19662FA200A73D45 /* Release */ = {
			isa = XCBuildConfiguration;
			buildSettings = {
				BUNDLE_LOADER = "$(BUILT_PRODUCTS_DIR)/HitAndBlow.app/HitAndBlow";
				FRAMEWORK_SEARCH_PATHS = (
					"$(SDKROOT)/Developer/Library/Frameworks",
					"$(inherited)",
					"$(DEVELOPER_FRAMEWORKS_DIR)",
				);
				GCC_PRECOMPILE_PREFIX_HEADER = YES;
				GCC_PREFIX_HEADER = "HitAndBlow/HitAndBlow-Prefix.pch";
				INFOPLIST_FILE = "HitAndBlowTests/HitAndBlowTests-Info.plist";
				PRODUCT_NAME = "$(TARGET_NAME)";
				TEST_HOST = "$(BUNDLE_LOADER)";
				WRAPPER_EXTENSION = xctest;
			};
			name = Release;
		};
/* End XCBuildConfiguration section */

/* Begin XCConfigurationList section */
		3F4E2F5E19662FA200A73D45 /* Build configuration list for PBXProject "HitAndBlow" */ = {
			isa = XCConfigurationList;
			buildConfigurations = (
				3F4E2F9319662FA200A73D45 /* Debug */,
				3F4E2F9419662FA200A73D45 /* Release */,
			);
			defaultConfigurationIsVisible = 0;
			defaultConfigurationName = Release;
		};
		3F4E2F9519662FA200A73D45 /* Build configuration list for PBXNativeTarget "HitAndBlow" */ = {
			isa = XCConfigurationList;
			buildConfigurations = (
				3F4E2F9619662FA200A73D45 /* Debug */,
				3F4E2F9719662FA200A73D45 /* Release */,
			);
			defaultConfigurationIsVisible = 0;
		};
		3F4E2F9819662FA200A73D45 /* Build configuration list for PBXNativeTarget "HitAndBlowTests" */ = {
			isa = XCConfigurationList;
			buildConfigurations = (
				3F4E2F9919662FA200A73D45 /* Debug */,
				3F4E2F9A19662FA200A73D45 /* Release */,
			);
			defaultConfigurationIsVisible = 0;
		};
/* End XCConfigurationList section */
	};
	rootObject = 3F4E2F5B19662FA200A73D45 /* Project object */;
}
