// !$*UTF8*$!
{
	archiveVersion = 1;
	classes = {
	};
	objectVersion = 46;
	objects = {

/* Begin PBXBuildFile section */
		3FC686FB1987364A003A7290 /* Foundation.framework in Frameworks */ = {isa = PBXBuildFile; fileRef = 3FC686FA1987364A003A7290 /* Foundation.framework */; };
		3FC686FD1987364A003A7290 /* CoreGraphics.framework in Frameworks */ = {isa = PBXBuildFile; fileRef = 3FC686FC1987364A003A7290 /* CoreGraphics.framework */; };
		3FC686FF1987364A003A7290 /* UIKit.framework in Frameworks */ = {isa = PBXBuildFile; fileRef = 3FC686FE1987364A003A7290 /* UIKit.framework */; };
		3FC687051987364A003A7290 /* InfoPlist.strings in Resources */ = {isa = PBXBuildFile; fileRef = 3FC687031987364A003A7290 /* InfoPlist.strings */; };
		3FC687071987364A003A7290 /* main.m in Sources */ = {isa = PBXBuildFile; fileRef = 3FC687061987364A003A7290 /* main.m */; };
		3FC6870B1987364A003A7290 /* AppDelegate.m in Sources */ = {isa = PBXBuildFile; fileRef = 3FC6870A1987364A003A7290 /* AppDelegate.m */; };
		3FC6870E1987364A003A7290 /* Main.storyboard in Resources */ = {isa = PBXBuildFile; fileRef = 3FC6870C1987364A003A7290 /* Main.storyboard */; };
		3FC687111987364A003A7290 /* ViewController.m in Sources */ = {isa = PBXBuildFile; fileRef = 3FC687101987364A003A7290 /* ViewController.m */; };
		3FC687131987364A003A7290 /* Images.xcassets in Resources */ = {isa = PBXBuildFile; fileRef = 3FC687121987364A003A7290 /* Images.xcassets */; };
		3FC6871A1987364A003A7290 /* XCTest.framework in Frameworks */ = {isa = PBXBuildFile; fileRef = 3FC687191987364A003A7290 /* XCTest.framework */; };
		3FC6871B1987364A003A7290 /* Foundation.framework in Frameworks */ = {isa = PBXBuildFile; fileRef = 3FC686FA1987364A003A7290 /* Foundation.framework */; };
		3FC6871C1987364A003A7290 /* UIKit.framework in Frameworks */ = {isa = PBXBuildFile; fileRef = 3FC686FE1987364A003A7290 /* UIKit.framework */; };
		3FC687241987364A003A7290 /* InfoPlist.strings in Resources */ = {isa = PBXBuildFile; fileRef = 3FC687221987364A003A7290 /* InfoPlist.strings */; };
		3FC687261987364A003A7290 /* SandBoxTests.m in Sources */ = {isa = PBXBuildFile; fileRef = 3FC687251987364A003A7290 /* SandBoxTests.m */; };
/* End PBXBuildFile section */

/* Begin PBXContainerItemProxy section */
		3FC6871D1987364A003A7290 /* PBXContainerItemProxy */ = {
			isa = PBXContainerItemProxy;
			containerPortal = 3FC686EF1987364A003A7290 /* Project object */;
			proxyType = 1;
			remoteGlobalIDString = 3FC686F61987364A003A7290;
			remoteInfo = SandBox;
		};
/* End PBXContainerItemProxy section */

/* Begin PBXFileReference section */
		3FC686F71987364A003A7290 /* SandBox.app */ = {isa = PBXFileReference; explicitFileType = wrapper.application; includeInIndex = 0; path = SandBox.app; sourceTree = BUILT_PRODUCTS_DIR; };
		3FC686FA1987364A003A7290 /* Foundation.framework */ = {isa = PBXFileReference; lastKnownFileType = wrapper.framework; name = Foundation.framework; path = System/Library/Frameworks/Foundation.framework; sourceTree = SDKROOT; };
		3FC686FC1987364A003A7290 /* CoreGraphics.framework */ = {isa = PBXFileReference; lastKnownFileType = wrapper.framework; name = CoreGraphics.framework; path = System/Library/Frameworks/CoreGraphics.framework; sourceTree = SDKROOT; };
		3FC686FE1987364A003A7290 /* UIKit.framework */ = {isa = PBXFileReference; lastKnownFileType = wrapper.framework; name = UIKit.framework; path = System/Library/Frameworks/UIKit.framework; sourceTree = SDKROOT; };
		3FC687021987364A003A7290 /* SandBox-Info.plist */ = {isa = PBXFileReference; lastKnownFileType = text.plist.xml; path = "SandBox-Info.plist"; sourceTree = "<group>"; };
		3FC687041987364A003A7290 /* en */ = {isa = PBXFileReference; lastKnownFileType = text.plist.strings; name = en; path = en.lproj/InfoPlist.strings; sourceTree = "<group>"; };
		3FC687061987364A003A7290 /* main.m */ = {isa = PBXFileReference; lastKnownFileType = sourcecode.c.objc; path = main.m; sourceTree = "<group>"; };
		3FC687081987364A003A7290 /* SandBox-Prefix.pch */ = {isa = PBXFileReference; lastKnownFileType = sourcecode.c.h; path = "SandBox-Prefix.pch"; sourceTree = "<group>"; };
		3FC687091987364A003A7290 /* AppDelegate.h */ = {isa = PBXFileReference; lastKnownFileType = sourcecode.c.h; path = AppDelegate.h; sourceTree = "<group>"; };
		3FC6870A1987364A003A7290 /* AppDelegate.m */ = {isa = PBXFileReference; lastKnownFileType = sourcecode.c.objc; path = AppDelegate.m; sourceTree = "<group>"; };
		3FC6870D1987364A003A7290 /* Base */ = {isa = PBXFileReference; lastKnownFileType = file.storyboard; name = Base; path = Base.lproj/Main.storyboard; sourceTree = "<group>"; };
		3FC6870F1987364A003A7290 /* ViewController.h */ = {isa = PBXFileReference; lastKnownFileType = sourcecode.c.h; path = ViewController.h; sourceTree = "<group>"; };
		3FC687101987364A003A7290 /* ViewController.m */ = {isa = PBXFileReference; lastKnownFileType = sourcecode.c.objc; path = ViewController.m; sourceTree = "<group>"; };
		3FC687121987364A003A7290 /* Images.xcassets */ = {isa = PBXFileReference; lastKnownFileType = folder.assetcatalog; path = Images.xcassets; sourceTree = "<group>"; };
		3FC687181987364A003A7290 /* SandBoxTests.xctest */ = {isa = PBXFileReference; explicitFileType = wrapper.cfbundle; includeInIndex = 0; path = SandBoxTests.xctest; sourceTree = BUILT_PRODUCTS_DIR; };
		3FC687191987364A003A7290 /* XCTest.framework */ = {isa = PBXFileReference; lastKnownFileType = wrapper.framework; name = XCTest.framework; path = Library/Frameworks/XCTest.framework; sourceTree = DEVELOPER_DIR; };
		3FC687211987364A003A7290 /* SandBoxTests-Info.plist */ = {isa = PBXFileReference; lastKnownFileType = text.plist.xml; path = "SandBoxTests-Info.plist"; sourceTree = "<group>"; };
		3FC687231987364A003A7290 /* en */ = {isa = PBXFileReference; lastKnownFileType = text.plist.strings; name = en; path = en.lproj/InfoPlist.strings; sourceTree = "<group>"; };
		3FC687251987364A003A7290 /* SandBoxTests.m */ = {isa = PBXFileReference; lastKnownFileType = sourcecode.c.objc; path = SandBoxTests.m; sourceTree = "<group>"; };
/* End PBXFileReference section */

/* Begin PBXFrameworksBuildPhase section */
		3FC686F41987364A003A7290 /* Frameworks */ = {
			isa = PBXFrameworksBuildPhase;
			buildActionMask = 2147483647;
			files = (
				3FC686FD1987364A003A7290 /* CoreGraphics.framework in Frameworks */,
				3FC686FF1987364A003A7290 /* UIKit.framework in Frameworks */,
				3FC686FB1987364A003A7290 /* Foundation.framework in Frameworks */,
			);
			runOnlyForDeploymentPostprocessing = 0;
		};
		3FC687151987364A003A7290 /* Frameworks */ = {
			isa = PBXFrameworksBuildPhase;
			buildActionMask = 2147483647;
			files = (
				3FC6871A1987364A003A7290 /* XCTest.framework in Frameworks */,
				3FC6871C1987364A003A7290 /* UIKit.framework in Frameworks */,
				3FC6871B1987364A003A7290 /* Foundation.framework in Frameworks */,
			);
			runOnlyForDeploymentPostprocessing = 0;
		};
/* End PBXFrameworksBuildPhase section */

/* Begin PBXGroup section */
		3FC686EE1987364A003A7290 = {
			isa = PBXGroup;
			children = (
				3FC687001987364A003A7290 /* SandBox */,
				3FC6871F1987364A003A7290 /* SandBoxTests */,
				3FC686F91987364A003A7290 /* Frameworks */,
				3FC686F81987364A003A7290 /* Products */,
			);
			sourceTree = "<group>";
		};
		3FC686F81987364A003A7290 /* Products */ = {
			isa = PBXGroup;
			children = (
				3FC686F71987364A003A7290 /* SandBox.app */,
				3FC687181987364A003A7290 /* SandBoxTests.xctest */,
			);
			name = Products;
			sourceTree = "<group>";
		};
		3FC686F91987364A003A7290 /* Frameworks */ = {
			isa = PBXGroup;
			children = (
				3FC686FA1987364A003A7290 /* Foundation.framework */,
				3FC686FC1987364A003A7290 /* CoreGraphics.framework */,
				3FC686FE1987364A003A7290 /* UIKit.framework */,
				3FC687191987364A003A7290 /* XCTest.framework */,
			);
			name = Frameworks;
			sourceTree = "<group>";
		};
		3FC687001987364A003A7290 /* SandBox */ = {
			isa = PBXGroup;
			children = (
				3FC687091987364A003A7290 /* AppDelegate.h */,
				3FC6870A1987364A003A7290 /* AppDelegate.m */,
				3FC6870C1987364A003A7290 /* Main.storyboard */,
				3FC6870F1987364A003A7290 /* ViewController.h */,
				3FC687101987364A003A7290 /* ViewController.m */,
				3FC687121987364A003A7290 /* Images.xcassets */,
				3FC687011987364A003A7290 /* Supporting Files */,
			);
			path = SandBox;
			sourceTree = "<group>";
		};
		3FC687011987364A003A7290 /* Supporting Files */ = {
			isa = PBXGroup;
			children = (
				3FC687021987364A003A7290 /* SandBox-Info.plist */,
				3FC687031987364A003A7290 /* InfoPlist.strings */,
				3FC687061987364A003A7290 /* main.m */,
				3FC687081987364A003A7290 /* SandBox-Prefix.pch */,
			);
			name = "Supporting Files";
			sourceTree = "<group>";
		};
		3FC6871F1987364A003A7290 /* SandBoxTests */ = {
			isa = PBXGroup;
			children = (
				3FC687251987364A003A7290 /* SandBoxTests.m */,
				3FC687201987364A003A7290 /* Supporting Files */,
			);
			path = SandBoxTests;
			sourceTree = "<group>";
		};
		3FC687201987364A003A7290 /* Supporting Files */ = {
			isa = PBXGroup;
			children = (
				3FC687211987364A003A7290 /* SandBoxTests-Info.plist */,
				3FC687221987364A003A7290 /* InfoPlist.strings */,
			);
			name = "Supporting Files";
			sourceTree = "<group>";
		};
/* End PBXGroup section */

/* Begin PBXNativeTarget section */
		3FC686F61987364A003A7290 /* SandBox */ = {
			isa = PBXNativeTarget;
			buildConfigurationList = 3FC687291987364A003A7290 /* Build configuration list for PBXNativeTarget "SandBox" */;
			buildPhases = (
				3FC686F31987364A003A7290 /* Sources */,
				3FC686F41987364A003A7290 /* Frameworks */,
				3FC686F51987364A003A7290 /* Resources */,
			);
			buildRules = (
			);
			dependencies = (
			);
			name = SandBox;
			productName = SandBox;
			productReference = 3FC686F71987364A003A7290 /* SandBox.app */;
			productType = "com.apple.product-type.application";
		};
		3FC687171987364A003A7290 /* SandBoxTests */ = {
			isa = PBXNativeTarget;
			buildConfigurationList = 3FC6872C1987364A003A7290 /* Build configuration list for PBXNativeTarget "SandBoxTests" */;
			buildPhases = (
				3FC687141987364A003A7290 /* Sources */,
				3FC687151987364A003A7290 /* Frameworks */,
				3FC687161987364A003A7290 /* Resources */,
			);
			buildRules = (
			);
			dependencies = (
				3FC6871E1987364A003A7290 /* PBXTargetDependency */,
			);
			name = SandBoxTests;
			productName = SandBoxTests;
			productReference = 3FC687181987364A003A7290 /* SandBoxTests.xctest */;
			productType = "com.apple.product-type.bundle.unit-test";
		};
/* End PBXNativeTarget section */

/* Begin PBXProject section */
		3FC686EF1987364A003A7290 /* Project object */ = {
			isa = PBXProject;
			attributes = {
				LastUpgradeCheck = 0510;
				ORGANIZATIONNAME = student;
				TargetAttributes = {
					3FC687171987364A003A7290 = {
						TestTargetID = 3FC686F61987364A003A7290;
					};
				};
			};
			buildConfigurationList = 3FC686F21987364A003A7290 /* Build configuration list for PBXProject "SandBox" */;
			compatibilityVersion = "Xcode 3.2";
			developmentRegion = English;
			hasScannedForEncodings = 0;
			knownRegions = (
				en,
				Base,
			);
			mainGroup = 3FC686EE1987364A003A7290;
			productRefGroup = 3FC686F81987364A003A7290 /* Products */;
			projectDirPath = "";
			projectRoot = "";
			targets = (
				3FC686F61987364A003A7290 /* SandBox */,
				3FC687171987364A003A7290 /* SandBoxTests */,
			);
		};
/* End PBXProject section */

/* Begin PBXResourcesBuildPhase section */
		3FC686F51987364A003A7290 /* Resources */ = {
			isa = PBXResourcesBuildPhase;
			buildActionMask = 2147483647;
			files = (
				3FC687131987364A003A7290 /* Images.xcassets in Resources */,
				3FC687051987364A003A7290 /* InfoPlist.strings in Resources */,
				3FC6870E1987364A003A7290 /* Main.storyboard in Resources */,
			);
			runOnlyForDeploymentPostprocessing = 0;
		};
		3FC687161987364A003A7290 /* Resources */ = {
			isa = PBXResourcesBuildPhase;
			buildActionMask = 2147483647;
			files = (
				3FC687241987364A003A7290 /* InfoPlist.strings in Resources */,
			);
			runOnlyForDeploymentPostprocessing = 0;
		};
/* End PBXResourcesBuildPhase section */

/* Begin PBXSourcesBuildPhase section */
		3FC686F31987364A003A7290 /* Sources */ = {
			isa = PBXSourcesBuildPhase;
			buildActionMask = 2147483647;
			files = (
				3FC687111987364A003A7290 /* ViewController.m in Sources */,
				3FC6870B1987364A003A7290 /* AppDelegate.m in Sources */,
				3FC687071987364A003A7290 /* main.m in Sources */,
			);
			runOnlyForDeploymentPostprocessing = 0;
		};
		3FC687141987364A003A7290 /* Sources */ = {
			isa = PBXSourcesBuildPhase;
			buildActionMask = 2147483647;
			files = (
				3FC687261987364A003A7290 /* SandBoxTests.m in Sources */,
			);
			runOnlyForDeploymentPostprocessing = 0;
		};
/* End PBXSourcesBuildPhase section */

/* Begin PBXTargetDependency section */
		3FC6871E1987364A003A7290 /* PBXTargetDependency */ = {
			isa = PBXTargetDependency;
			target = 3FC686F61987364A003A7290 /* SandBox */;
			targetProxy = 3FC6871D1987364A003A7290 /* PBXContainerItemProxy */;
		};
/* End PBXTargetDependency section */

/* Begin PBXVariantGroup section */
		3FC687031987364A003A7290 /* InfoPlist.strings */ = {
			isa = PBXVariantGroup;
			children = (
				3FC687041987364A003A7290 /* en */,
			);
			name = InfoPlist.strings;
			sourceTree = "<group>";
		};
		3FC6870C1987364A003A7290 /* Main.storyboard */ = {
			isa = PBXVariantGroup;
			children = (
				3FC6870D1987364A003A7290 /* Base */,
			);
			name = Main.storyboard;
			sourceTree = "<group>";
		};
		3FC687221987364A003A7290 /* InfoPlist.strings */ = {
			isa = PBXVariantGroup;
			children = (
				3FC687231987364A003A7290 /* en */,
			);
			name = InfoPlist.strings;
			sourceTree = "<group>";
		};
/* End PBXVariantGroup section */

/* Begin XCBuildConfiguration section */
		3FC687271987364A003A7290 /* Debug */ = {
			isa = XCBuildConfiguration;
			buildSettings = {
				ALWAYS_SEARCH_USER_PATHS = NO;
				CLANG_CXX_LANGUAGE_STANDARD = "gnu++0x";
				CLANG_CXX_LIBRARY = "libc++";
				CLANG_ENABLE_MODULES = YES;
				CLANG_ENABLE_OBJC_ARC = YES;
				CLANG_WARN_BOOL_CONVERSION = YES;
				CLANG_WARN_CONSTANT_CONVERSION = YES;
				CLANG_WARN_DIRECT_OBJC_ISA_USAGE = YES_ERROR;
				CLANG_WARN_EMPTY_BODY = YES;
				CLANG_WARN_ENUM_CONVERSION = YES;
				CLANG_WARN_INT_CONVERSION = YES;
				CLANG_WARN_OBJC_ROOT_CLASS = YES_ERROR;
				CLANG_WARN__DUPLICATE_METHOD_MATCH = YES;
				"CODE_SIGN_IDENTITY[sdk=iphoneos*]" = "iPhone Developer";
				COPY_PHASE_STRIP = NO;
				GCC_C_LANGUAGE_STANDARD = gnu99;
				GCC_DYNAMIC_NO_PIC = NO;
				GCC_OPTIMIZATION_LEVEL = 0;
				GCC_PREPROCESSOR_DEFINITIONS = (
					"DEBUG=1",
					"$(inherited)",
				);
				GCC_SYMBOLS_PRIVATE_EXTERN = NO;
				GCC_WARN_64_TO_32_BIT_CONVERSION = YES;
				GCC_WARN_ABOUT_RETURN_TYPE = YES_ERROR;
				GCC_WARN_UNDECLARED_SELECTOR = YES;
				GCC_WARN_UNINITIALIZED_AUTOS = YES_AGGRESSIVE;
				GCC_WARN_UNUSED_FUNCTION = YES;
				GCC_WARN_UNUSED_VARIABLE = YES;
				IPHONEOS_DEPLOYMENT_TARGET = 7.1;
				ONLY_ACTIVE_ARCH = YES;
				SDKROOT = iphoneos;
			};
			name = Debug;
		};
		3FC687281987364A003A7290 /* Release */ = {
			isa = XCBuildConfiguration;
			buildSettings = {
				ALWAYS_SEARCH_USER_PATHS = NO;
				CLANG_CXX_LANGUAGE_STANDARD = "gnu++0x";
				CLANG_CXX_LIBRARY = "libc++";
				CLANG_ENABLE_MODULES = YES;
				CLANG_ENABLE_OBJC_ARC = YES;
				CLANG_WARN_BOOL_CONVERSION = YES;
				CLANG_WARN_CONSTANT_CONVERSION = YES;
				CLANG_WARN_DIRECT_OBJC_ISA_USAGE = YES_ERROR;
				CLANG_WARN_EMPTY_BODY = YES;
				CLANG_WARN_ENUM_CONVERSION = YES;
				CLANG_WARN_INT_CONVERSION = YES;
				CLANG_WARN_OBJC_ROOT_CLASS = YES_ERROR;
				CLANG_WARN__DUPLICATE_METHOD_MATCH = YES;
				"CODE_SIGN_IDENTITY[sdk=iphoneos*]" = "iPhone Developer";
				COPY_PHASE_STRIP = YES;
				ENABLE_NS_ASSERTIONS = NO;
				GCC_C_LANGUAGE_STANDARD = gnu99;
				GCC_WARN_64_TO_32_BIT_CONVERSION = YES;
				GCC_WARN_ABOUT_RETURN_TYPE = YES_ERROR;
				GCC_WARN_UNDECLARED_SELECTOR = YES;
				GCC_WARN_UNINITIALIZED_AUTOS = YES_AGGRESSIVE;
				GCC_WARN_UNUSED_FUNCTION = YES;
				GCC_WARN_UNUSED_VARIABLE = YES;
				IPHONEOS_DEPLOYMENT_TARGET = 7.1;
				SDKROOT = iphoneos;
				VALIDATE_PRODUCT = YES;
			};
			name = Release;
		};
		3FC6872A1987364A003A7290 /* Debug */ = {
			isa = XCBuildConfiguration;
			buildSettings = {
				ASSETCATALOG_COMPILER_APPICON_NAME = AppIcon;
				ASSETCATALOG_COMPILER_LAUNCHIMAGE_NAME = LaunchImage;
				GCC_PRECOMPILE_PREFIX_HEADER = YES;
				GCC_PREFIX_HEADER = "SandBox/SandBox-Prefix.pch";
				INFOPLIST_FILE = "SandBox/SandBox-Info.plist";
				PRODUCT_NAME = "$(TARGET_NAME)";
				WRAPPER_EXTENSION = app;
			};
			name = Debug;
		};
		3FC6872B1987364A003A7290 /* Release */ = {
			isa = XCBuildConfiguration;
			buildSettings = {
				ASSETCATALOG_COMPILER_APPICON_NAME = AppIcon;
				ASSETCATALOG_COMPILER_LAUNCHIMAGE_NAME = LaunchImage;
				GCC_PRECOMPILE_PREFIX_HEADER = YES;
				GCC_PREFIX_HEADER = "SandBox/SandBox-Prefix.pch";
				INFOPLIST_FILE = "SandBox/SandBox-Info.plist";
				PRODUCT_NAME = "$(TARGET_NAME)";
				WRAPPER_EXTENSION = app;
			};
			name = Release;
		};
		3FC6872D1987364A003A7290 /* Debug */ = {
			isa = XCBuildConfiguration;
			buildSettings = {
				BUNDLE_LOADER = "$(BUILT_PRODUCTS_DIR)/SandBox.app/SandBox";
				FRAMEWORK_SEARCH_PATHS = (
					"$(SDKROOT)/Developer/Library/Frameworks",
					"$(inherited)",
					"$(DEVELOPER_FRAMEWORKS_DIR)",
				);
				GCC_PRECOMPILE_PREFIX_HEADER = YES;
				GCC_PREFIX_HEADER = "SandBox/SandBox-Prefix.pch";
				GCC_PREPROCESSOR_DEFINITIONS = (
					"DEBUG=1",
					"$(inherited)",
				);
				INFOPLIST_FILE = "SandBoxTests/SandBoxTests-Info.plist";
				PRODUCT_NAME = "$(TARGET_NAME)";
				TEST_HOST = "$(BUNDLE_LOADER)";
				WRAPPER_EXTENSION = xctest;
			};
			name = Debug;
		};
		3FC6872E1987364A003A7290 /* Release */ = {
			isa = XCBuildConfiguration;
			buildSettings = {
				BUNDLE_LOADER = "$(BUILT_PRODUCTS_DIR)/SandBox.app/SandBox";
				FRAMEWORK_SEARCH_PATHS = (
					"$(SDKROOT)/Developer/Library/Frameworks",
					"$(inherited)",
					"$(DEVELOPER_FRAMEWORKS_DIR)",
				);
				GCC_PRECOMPILE_PREFIX_HEADER = YES;
				GCC_PREFIX_HEADER = "SandBox/SandBox-Prefix.pch";
				INFOPLIST_FILE = "SandBoxTests/SandBoxTests-Info.plist";
				PRODUCT_NAME = "$(TARGET_NAME)";
				TEST_HOST = "$(BUNDLE_LOADER)";
				WRAPPER_EXTENSION = xctest;
			};
			name = Release;
		};
/* End XCBuildConfiguration section */

/* Begin XCConfigurationList section */
		3FC686F21987364A003A7290 /* Build configuration list for PBXProject "SandBox" */ = {
			isa = XCConfigurationList;
			buildConfigurations = (
				3FC687271987364A003A7290 /* Debug */,
				3FC687281987364A003A7290 /* Release */,
			);
			defaultConfigurationIsVisible = 0;
			defaultConfigurationName = Release;
		};
		3FC687291987364A003A7290 /* Build configuration list for PBXNativeTarget "SandBox" */ = {
			isa = XCConfigurationList;
			buildConfigurations = (
				3FC6872A1987364A003A7290 /* Debug */,
				3FC6872B1987364A003A7290 /* Release */,
			);
			defaultConfigurationIsVisible = 0;
		};
		3FC6872C1987364A003A7290 /* Build configuration list for PBXNativeTarget "SandBoxTests" */ = {
			isa = XCConfigurationList;
			buildConfigurations = (
				3FC6872D1987364A003A7290 /* Debug */,
				3FC6872E1987364A003A7290 /* Release */,
			);
			defaultConfigurationIsVisible = 0;
		};
/* End XCConfigurationList section */
	};
	rootObject = 3FC686EF1987364A003A7290 /* Project object */;
}
