// !$*UTF8*$!
{
	archiveVersion = 1;
	classes = {
	};
	objectVersion = 46;
	objects = {

/* Begin PBXBuildFile section */
		3F98D88E1963EFC7000A23A9 /* Foundation.framework in Frameworks */ = {isa = PBXBuildFile; fileRef = 3F98D88D1963EFC7000A23A9 /* Foundation.framework */; };
		3F98D8901963EFC7000A23A9 /* CoreGraphics.framework in Frameworks */ = {isa = PBXBuildFile; fileRef = 3F98D88F1963EFC7000A23A9 /* CoreGraphics.framework */; };
		3F98D8921963EFC7000A23A9 /* UIKit.framework in Frameworks */ = {isa = PBXBuildFile; fileRef = 3F98D8911963EFC7000A23A9 /* UIKit.framework */; };
		3F98D8981963EFC7000A23A9 /* InfoPlist.strings in Resources */ = {isa = PBXBuildFile; fileRef = 3F98D8961963EFC7000A23A9 /* InfoPlist.strings */; };
		3F98D89A1963EFC7000A23A9 /* main.m in Sources */ = {isa = PBXBuildFile; fileRef = 3F98D8991963EFC7000A23A9 /* main.m */; };
		3F98D89E1963EFC7000A23A9 /* AppDelegate.m in Sources */ = {isa = PBXBuildFile; fileRef = 3F98D89D1963EFC7000A23A9 /* AppDelegate.m */; };
		3F98D8A11963EFC7000A23A9 /* Main.storyboard in Resources */ = {isa = PBXBuildFile; fileRef = 3F98D89F1963EFC7000A23A9 /* Main.storyboard */; };
		3F98D8A41963EFC7000A23A9 /* ViewController.m in Sources */ = {isa = PBXBuildFile; fileRef = 3F98D8A31963EFC7000A23A9 /* ViewController.m */; };
		3F98D8A61963EFC7000A23A9 /* Images.xcassets in Resources */ = {isa = PBXBuildFile; fileRef = 3F98D8A51963EFC7000A23A9 /* Images.xcassets */; };
		3F98D8AD1963EFC7000A23A9 /* XCTest.framework in Frameworks */ = {isa = PBXBuildFile; fileRef = 3F98D8AC1963EFC7000A23A9 /* XCTest.framework */; };
		3F98D8AE1963EFC7000A23A9 /* Foundation.framework in Frameworks */ = {isa = PBXBuildFile; fileRef = 3F98D88D1963EFC7000A23A9 /* Foundation.framework */; };
		3F98D8AF1963EFC8000A23A9 /* UIKit.framework in Frameworks */ = {isa = PBXBuildFile; fileRef = 3F98D8911963EFC7000A23A9 /* UIKit.framework */; };
		3F98D8B71963EFC8000A23A9 /* InfoPlist.strings in Resources */ = {isa = PBXBuildFile; fileRef = 3F98D8B51963EFC8000A23A9 /* InfoPlist.strings */; };
		3F98D8B91963EFC8000A23A9 /* MyBMITests.m in Sources */ = {isa = PBXBuildFile; fileRef = 3F98D8B81963EFC8000A23A9 /* MyBMITests.m */; };
/* End PBXBuildFile section */

/* Begin PBXContainerItemProxy section */
		3F98D8B01963EFC8000A23A9 /* PBXContainerItemProxy */ = {
			isa = PBXContainerItemProxy;
			containerPortal = 3F98D8821963EFC7000A23A9 /* Project object */;
			proxyType = 1;
			remoteGlobalIDString = 3F98D8891963EFC7000A23A9;
			remoteInfo = MyBMI;
		};
/* End PBXContainerItemProxy section */

/* Begin PBXFileReference section */
		3F98D88A1963EFC7000A23A9 /* MyBMI.app */ = {isa = PBXFileReference; explicitFileType = wrapper.application; includeInIndex = 0; path = MyBMI.app; sourceTree = BUILT_PRODUCTS_DIR; };
		3F98D88D1963EFC7000A23A9 /* Foundation.framework */ = {isa = PBXFileReference; lastKnownFileType = wrapper.framework; name = Foundation.framework; path = System/Library/Frameworks/Foundation.framework; sourceTree = SDKROOT; };
		3F98D88F1963EFC7000A23A9 /* CoreGraphics.framework */ = {isa = PBXFileReference; lastKnownFileType = wrapper.framework; name = CoreGraphics.framework; path = System/Library/Frameworks/CoreGraphics.framework; sourceTree = SDKROOT; };
		3F98D8911963EFC7000A23A9 /* UIKit.framework */ = {isa = PBXFileReference; lastKnownFileType = wrapper.framework; name = UIKit.framework; path = System/Library/Frameworks/UIKit.framework; sourceTree = SDKROOT; };
		3F98D8951963EFC7000A23A9 /* MyBMI-Info.plist */ = {isa = PBXFileReference; lastKnownFileType = text.plist.xml; path = "MyBMI-Info.plist"; sourceTree = "<group>"; };
		3F98D8971963EFC7000A23A9 /* en */ = {isa = PBXFileReference; lastKnownFileType = text.plist.strings; name = en; path = en.lproj/InfoPlist.strings; sourceTree = "<group>"; };
		3F98D8991963EFC7000A23A9 /* main.m */ = {isa = PBXFileReference; lastKnownFileType = sourcecode.c.objc; path = main.m; sourceTree = "<group>"; };
		3F98D89B1963EFC7000A23A9 /* MyBMI-Prefix.pch */ = {isa = PBXFileReference; lastKnownFileType = sourcecode.c.h; path = "MyBMI-Prefix.pch"; sourceTree = "<group>"; };
		3F98D89C1963EFC7000A23A9 /* AppDelegate.h */ = {isa = PBXFileReference; lastKnownFileType = sourcecode.c.h; path = AppDelegate.h; sourceTree = "<group>"; };
		3F98D89D1963EFC7000A23A9 /* AppDelegate.m */ = {isa = PBXFileReference; lastKnownFileType = sourcecode.c.objc; path = AppDelegate.m; sourceTree = "<group>"; };
		3F98D8A01963EFC7000A23A9 /* Base */ = {isa = PBXFileReference; lastKnownFileType = file.storyboard; name = Base; path = Base.lproj/Main.storyboard; sourceTree = "<group>"; };
		3F98D8A21963EFC7000A23A9 /* ViewController.h */ = {isa = PBXFileReference; lastKnownFileType = sourcecode.c.h; path = ViewController.h; sourceTree = "<group>"; };
		3F98D8A31963EFC7000A23A9 /* ViewController.m */ = {isa = PBXFileReference; lastKnownFileType = sourcecode.c.objc; path = ViewController.m; sourceTree = "<group>"; };
		3F98D8A51963EFC7000A23A9 /* Images.xcassets */ = {isa = PBXFileReference; lastKnownFileType = folder.assetcatalog; path = Images.xcassets; sourceTree = "<group>"; };
		3F98D8AB1963EFC7000A23A9 /* MyBMITests.xctest */ = {isa = PBXFileReference; explicitFileType = wrapper.cfbundle; includeInIndex = 0; path = MyBMITests.xctest; sourceTree = BUILT_PRODUCTS_DIR; };
		3F98D8AC1963EFC7000A23A9 /* XCTest.framework */ = {isa = PBXFileReference; lastKnownFileType = wrapper.framework; name = XCTest.framework; path = Library/Frameworks/XCTest.framework; sourceTree = DEVELOPER_DIR; };
		3F98D8B41963EFC8000A23A9 /* MyBMITests-Info.plist */ = {isa = PBXFileReference; lastKnownFileType = text.plist.xml; path = "MyBMITests-Info.plist"; sourceTree = "<group>"; };
		3F98D8B61963EFC8000A23A9 /* en */ = {isa = PBXFileReference; lastKnownFileType = text.plist.strings; name = en; path = en.lproj/InfoPlist.strings; sourceTree = "<group>"; };
		3F98D8B81963EFC8000A23A9 /* MyBMITests.m */ = {isa = PBXFileReference; lastKnownFileType = sourcecode.c.objc; path = MyBMITests.m; sourceTree = "<group>"; };
/* End PBXFileReference section */

/* Begin PBXFrameworksBuildPhase section */
		3F98D8871963EFC7000A23A9 /* Frameworks */ = {
			isa = PBXFrameworksBuildPhase;
			buildActionMask = 2147483647;
			files = (
				3F98D8901963EFC7000A23A9 /* CoreGraphics.framework in Frameworks */,
				3F98D8921963EFC7000A23A9 /* UIKit.framework in Frameworks */,
				3F98D88E1963EFC7000A23A9 /* Foundation.framework in Frameworks */,
			);
			runOnlyForDeploymentPostprocessing = 0;
		};
		3F98D8A81963EFC7000A23A9 /* Frameworks */ = {
			isa = PBXFrameworksBuildPhase;
			buildActionMask = 2147483647;
			files = (
				3F98D8AD1963EFC7000A23A9 /* XCTest.framework in Frameworks */,
				3F98D8AF1963EFC8000A23A9 /* UIKit.framework in Frameworks */,
				3F98D8AE1963EFC7000A23A9 /* Foundation.framework in Frameworks */,
			);
			runOnlyForDeploymentPostprocessing = 0;
		};
/* End PBXFrameworksBuildPhase section */

/* Begin PBXGroup section */
		3F98D8811963EFC7000A23A9 = {
			isa = PBXGroup;
			children = (
				3F98D8931963EFC7000A23A9 /* MyBMI */,
				3F98D8B21963EFC8000A23A9 /* MyBMITests */,
				3F98D88C1963EFC7000A23A9 /* Frameworks */,
				3F98D88B1963EFC7000A23A9 /* Products */,
			);
			sourceTree = "<group>";
		};
		3F98D88B1963EFC7000A23A9 /* Products */ = {
			isa = PBXGroup;
			children = (
				3F98D88A1963EFC7000A23A9 /* MyBMI.app */,
				3F98D8AB1963EFC7000A23A9 /* MyBMITests.xctest */,
			);
			name = Products;
			sourceTree = "<group>";
		};
		3F98D88C1963EFC7000A23A9 /* Frameworks */ = {
			isa = PBXGroup;
			children = (
				3F98D88D1963EFC7000A23A9 /* Foundation.framework */,
				3F98D88F1963EFC7000A23A9 /* CoreGraphics.framework */,
				3F98D8911963EFC7000A23A9 /* UIKit.framework */,
				3F98D8AC1963EFC7000A23A9 /* XCTest.framework */,
			);
			name = Frameworks;
			sourceTree = "<group>";
		};
		3F98D8931963EFC7000A23A9 /* MyBMI */ = {
			isa = PBXGroup;
			children = (
				3F98D89C1963EFC7000A23A9 /* AppDelegate.h */,
				3F98D89D1963EFC7000A23A9 /* AppDelegate.m */,
				3F98D89F1963EFC7000A23A9 /* Main.storyboard */,
				3F98D8A21963EFC7000A23A9 /* ViewController.h */,
				3F98D8A31963EFC7000A23A9 /* ViewController.m */,
				3F98D8A51963EFC7000A23A9 /* Images.xcassets */,
				3F98D8941963EFC7000A23A9 /* Supporting Files */,
			);
			path = MyBMI;
			sourceTree = "<group>";
		};
		3F98D8941963EFC7000A23A9 /* Supporting Files */ = {
			isa = PBXGroup;
			children = (
				3F98D8951963EFC7000A23A9 /* MyBMI-Info.plist */,
				3F98D8961963EFC7000A23A9 /* InfoPlist.strings */,
				3F98D8991963EFC7000A23A9 /* main.m */,
				3F98D89B1963EFC7000A23A9 /* MyBMI-Prefix.pch */,
			);
			name = "Supporting Files";
			sourceTree = "<group>";
		};
		3F98D8B21963EFC8000A23A9 /* MyBMITests */ = {
			isa = PBXGroup;
			children = (
				3F98D8B81963EFC8000A23A9 /* MyBMITests.m */,
				3F98D8B31963EFC8000A23A9 /* Supporting Files */,
			);
			path = MyBMITests;
			sourceTree = "<group>";
		};
		3F98D8B31963EFC8000A23A9 /* Supporting Files */ = {
			isa = PBXGroup;
			children = (
				3F98D8B41963EFC8000A23A9 /* MyBMITests-Info.plist */,
				3F98D8B51963EFC8000A23A9 /* InfoPlist.strings */,
			);
			name = "Supporting Files";
			sourceTree = "<group>";
		};
/* End PBXGroup section */

/* Begin PBXNativeTarget section */
		3F98D8891963EFC7000A23A9 /* MyBMI */ = {
			isa = PBXNativeTarget;
			buildConfigurationList = 3F98D8BC1963EFC8000A23A9 /* Build configuration list for PBXNativeTarget "MyBMI" */;
			buildPhases = (
				3F98D8861963EFC7000A23A9 /* Sources */,
				3F98D8871963EFC7000A23A9 /* Frameworks */,
				3F98D8881963EFC7000A23A9 /* Resources */,
			);
			buildRules = (
			);
			dependencies = (
			);
			name = MyBMI;
			productName = MyBMI;
			productReference = 3F98D88A1963EFC7000A23A9 /* MyBMI.app */;
			productType = "com.apple.product-type.application";
		};
		3F98D8AA1963EFC7000A23A9 /* MyBMITests */ = {
			isa = PBXNativeTarget;
			buildConfigurationList = 3F98D8BF1963EFC8000A23A9 /* Build configuration list for PBXNativeTarget "MyBMITests" */;
			buildPhases = (
				3F98D8A71963EFC7000A23A9 /* Sources */,
				3F98D8A81963EFC7000A23A9 /* Frameworks */,
				3F98D8A91963EFC7000A23A9 /* Resources */,
			);
			buildRules = (
			);
			dependencies = (
				3F98D8B11963EFC8000A23A9 /* PBXTargetDependency */,
			);
			name = MyBMITests;
			productName = MyBMITests;
			productReference = 3F98D8AB1963EFC7000A23A9 /* MyBMITests.xctest */;
			productType = "com.apple.product-type.bundle.unit-test";
		};
/* End PBXNativeTarget section */

/* Begin PBXProject section */
		3F98D8821963EFC7000A23A9 /* Project object */ = {
			isa = PBXProject;
			attributes = {
				LastUpgradeCheck = 0510;
				ORGANIZATIONNAME = student;
				TargetAttributes = {
					3F98D8AA1963EFC7000A23A9 = {
						TestTargetID = 3F98D8891963EFC7000A23A9;
					};
				};
			};
			buildConfigurationList = 3F98D8851963EFC7000A23A9 /* Build configuration list for PBXProject "MyBMI" */;
			compatibilityVersion = "Xcode 3.2";
			developmentRegion = English;
			hasScannedForEncodings = 0;
			knownRegions = (
				en,
				Base,
			);
			mainGroup = 3F98D8811963EFC7000A23A9;
			productRefGroup = 3F98D88B1963EFC7000A23A9 /* Products */;
			projectDirPath = "";
			projectRoot = "";
			targets = (
				3F98D8891963EFC7000A23A9 /* MyBMI */,
				3F98D8AA1963EFC7000A23A9 /* MyBMITests */,
			);
		};
/* End PBXProject section */

/* Begin PBXResourcesBuildPhase section */
		3F98D8881963EFC7000A23A9 /* Resources */ = {
			isa = PBXResourcesBuildPhase;
			buildActionMask = 2147483647;
			files = (
				3F98D8A61963EFC7000A23A9 /* Images.xcassets in Resources */,
				3F98D8981963EFC7000A23A9 /* InfoPlist.strings in Resources */,
				3F98D8A11963EFC7000A23A9 /* Main.storyboard in Resources */,
			);
			runOnlyForDeploymentPostprocessing = 0;
		};
		3F98D8A91963EFC7000A23A9 /* Resources */ = {
			isa = PBXResourcesBuildPhase;
			buildActionMask = 2147483647;
			files = (
				3F98D8B71963EFC8000A23A9 /* InfoPlist.strings in Resources */,
			);
			runOnlyForDeploymentPostprocessing = 0;
		};
/* End PBXResourcesBuildPhase section */

/* Begin PBXSourcesBuildPhase section */
		3F98D8861963EFC7000A23A9 /* Sources */ = {
			isa = PBXSourcesBuildPhase;
			buildActionMask = 2147483647;
			files = (
				3F98D8A41963EFC7000A23A9 /* ViewController.m in Sources */,
				3F98D89E1963EFC7000A23A9 /* AppDelegate.m in Sources */,
				3F98D89A1963EFC7000A23A9 /* main.m in Sources */,
			);
			runOnlyForDeploymentPostprocessing = 0;
		};
		3F98D8A71963EFC7000A23A9 /* Sources */ = {
			isa = PBXSourcesBuildPhase;
			buildActionMask = 2147483647;
			files = (
				3F98D8B91963EFC8000A23A9 /* MyBMITests.m in Sources */,
			);
			runOnlyForDeploymentPostprocessing = 0;
		};
/* End PBXSourcesBuildPhase section */

/* Begin PBXTargetDependency section */
		3F98D8B11963EFC8000A23A9 /* PBXTargetDependency */ = {
			isa = PBXTargetDependency;
			target = 3F98D8891963EFC7000A23A9 /* MyBMI */;
			targetProxy = 3F98D8B01963EFC8000A23A9 /* PBXContainerItemProxy */;
		};
/* End PBXTargetDependency section */

/* Begin PBXVariantGroup section */
		3F98D8961963EFC7000A23A9 /* InfoPlist.strings */ = {
			isa = PBXVariantGroup;
			children = (
				3F98D8971963EFC7000A23A9 /* en */,
			);
			name = InfoPlist.strings;
			sourceTree = "<group>";
		};
		3F98D89F1963EFC7000A23A9 /* Main.storyboard */ = {
			isa = PBXVariantGroup;
			children = (
				3F98D8A01963EFC7000A23A9 /* Base */,
			);
			name = Main.storyboard;
			sourceTree = "<group>";
		};
		3F98D8B51963EFC8000A23A9 /* InfoPlist.strings */ = {
			isa = PBXVariantGroup;
			children = (
				3F98D8B61963EFC8000A23A9 /* en */,
			);
			name = InfoPlist.strings;
			sourceTree = "<group>";
		};
/* End PBXVariantGroup section */

/* Begin XCBuildConfiguration section */
		3F98D8BA1963EFC8000A23A9 /* Debug */ = {
			isa = XCBuildConfiguration;
			buildSettings = {
				ALWAYS_SEARCH_USER_PATHS = NO;
				CLANG_CXX_LANGUAGE_STANDARD = "gnu++0x";
				CLANG_CXX_LIBRARY = "libc++";
				CLANG_ENABLE_MODULES = YES;
				CLANG_ENABLE_OBJC_ARC = YES;
				CLANG_WARN_BOOL_CONVERSION = YES;
				CLANG_WARN_CONSTANT_CONVERSION = YES;
				CLANG_WARN_DIRECT_OBJC_ISA_USAGE = YES_ERROR;
				CLANG_WARN_EMPTY_BODY = YES;
				CLANG_WARN_ENUM_CONVERSION = YES;
				CLANG_WARN_INT_CONVERSION = YES;
				CLANG_WARN_OBJC_ROOT_CLASS = YES_ERROR;
				CLANG_WARN__DUPLICATE_METHOD_MATCH = YES;
				"CODE_SIGN_IDENTITY[sdk=iphoneos*]" = "iPhone Developer";
				COPY_PHASE_STRIP = NO;
				GCC_C_LANGUAGE_STANDARD = gnu99;
				GCC_DYNAMIC_NO_PIC = NO;
				GCC_OPTIMIZATION_LEVEL = 0;
				GCC_PREPROCESSOR_DEFINITIONS = (
					"DEBUG=1",
					"$(inherited)",
				);
				GCC_SYMBOLS_PRIVATE_EXTERN = NO;
				GCC_WARN_64_TO_32_BIT_CONVERSION = YES;
				GCC_WARN_ABOUT_RETURN_TYPE = YES_ERROR;
				GCC_WARN_UNDECLARED_SELECTOR = YES;
				GCC_WARN_UNINITIALIZED_AUTOS = YES_AGGRESSIVE;
				GCC_WARN_UNUSED_FUNCTION = YES;
				GCC_WARN_UNUSED_VARIABLE = YES;
				IPHONEOS_DEPLOYMENT_TARGET = 7.1;
				ONLY_ACTIVE_ARCH = YES;
				SDKROOT = iphoneos;
			};
			name = Debug;
		};
		3F98D8BB1963EFC8000A23A9 /* Release */ = {
			isa = XCBuildConfiguration;
			buildSettings = {
				ALWAYS_SEARCH_USER_PATHS = NO;
				CLANG_CXX_LANGUAGE_STANDARD = "gnu++0x";
				CLANG_CXX_LIBRARY = "libc++";
				CLANG_ENABLE_MODULES = YES;
				CLANG_ENABLE_OBJC_ARC = YES;
				CLANG_WARN_BOOL_CONVERSION = YES;
				CLANG_WARN_CONSTANT_CONVERSION = YES;
				CLANG_WARN_DIRECT_OBJC_ISA_USAGE = YES_ERROR;
				CLANG_WARN_EMPTY_BODY = YES;
				CLANG_WARN_ENUM_CONVERSION = YES;
				CLANG_WARN_INT_CONVERSION = YES;
				CLANG_WARN_OBJC_ROOT_CLASS = YES_ERROR;
				CLANG_WARN__DUPLICATE_METHOD_MATCH = YES;
				"CODE_SIGN_IDENTITY[sdk=iphoneos*]" = "iPhone Developer";
				COPY_PHASE_STRIP = YES;
				ENABLE_NS_ASSERTIONS = NO;
				GCC_C_LANGUAGE_STANDARD = gnu99;
				GCC_WARN_64_TO_32_BIT_CONVERSION = YES;
				GCC_WARN_ABOUT_RETURN_TYPE = YES_ERROR;
				GCC_WARN_UNDECLARED_SELECTOR = YES;
				GCC_WARN_UNINITIALIZED_AUTOS = YES_AGGRESSIVE;
				GCC_WARN_UNUSED_FUNCTION = YES;
				GCC_WARN_UNUSED_VARIABLE = YES;
				IPHONEOS_DEPLOYMENT_TARGET = 7.1;
				SDKROOT = iphoneos;
				VALIDATE_PRODUCT = YES;
			};
			name = Release;
		};
		3F98D8BD1963EFC8000A23A9 /* Debug */ = {
			isa = XCBuildConfiguration;
			buildSettings = {
				ASSETCATALOG_COMPILER_APPICON_NAME = AppIcon;
				ASSETCATALOG_COMPILER_LAUNCHIMAGE_NAME = LaunchImage;
				GCC_PRECOMPILE_PREFIX_HEADER = YES;
				GCC_PREFIX_HEADER = "MyBMI/MyBMI-Prefix.pch";
				INFOPLIST_FILE = "MyBMI/MyBMI-Info.plist";
				PRODUCT_NAME = "$(TARGET_NAME)";
				WRAPPER_EXTENSION = app;
			};
			name = Debug;
		};
		3F98D8BE1963EFC8000A23A9 /* Release */ = {
			isa = XCBuildConfiguration;
			buildSettings = {
				ASSETCATALOG_COMPILER_APPICON_NAME = AppIcon;
				ASSETCATALOG_COMPILER_LAUNCHIMAGE_NAME = LaunchImage;
				GCC_PRECOMPILE_PREFIX_HEADER = YES;
				GCC_PREFIX_HEADER = "MyBMI/MyBMI-Prefix.pch";
				INFOPLIST_FILE = "MyBMI/MyBMI-Info.plist";
				PRODUCT_NAME = "$(TARGET_NAME)";
				WRAPPER_EXTENSION = app;
			};
			name = Release;
		};
		3F98D8C01963EFC8000A23A9 /* Debug */ = {
			isa = XCBuildConfiguration;
			buildSettings = {
				BUNDLE_LOADER = "$(BUILT_PRODUCTS_DIR)/MyBMI.app/MyBMI";
				FRAMEWORK_SEARCH_PATHS = (
					"$(SDKROOT)/Developer/Library/Frameworks",
					"$(inherited)",
					"$(DEVELOPER_FRAMEWORKS_DIR)",
				);
				GCC_PRECOMPILE_PREFIX_HEADER = YES;
				GCC_PREFIX_HEADER = "MyBMI/MyBMI-Prefix.pch";
				GCC_PREPROCESSOR_DEFINITIONS = (
					"DEBUG=1",
					"$(inherited)",
				);
				INFOPLIST_FILE = "MyBMITests/MyBMITests-Info.plist";
				PRODUCT_NAME = "$(TARGET_NAME)";
				TEST_HOST = "$(BUNDLE_LOADER)";
				WRAPPER_EXTENSION = xctest;
			};
			name = Debug;
		};
		3F98D8C11963EFC8000A23A9 /* Release */ = {
			isa = XCBuildConfiguration;
			buildSettings = {
				BUNDLE_LOADER = "$(BUILT_PRODUCTS_DIR)/MyBMI.app/MyBMI";
				FRAMEWORK_SEARCH_PATHS = (
					"$(SDKROOT)/Developer/Library/Frameworks",
					"$(inherited)",
					"$(DEVELOPER_FRAMEWORKS_DIR)",
				);
				GCC_PRECOMPILE_PREFIX_HEADER = YES;
				GCC_PREFIX_HEADER = "MyBMI/MyBMI-Prefix.pch";
				INFOPLIST_FILE = "MyBMITests/MyBMITests-Info.plist";
				PRODUCT_NAME = "$(TARGET_NAME)";
				TEST_HOST = "$(BUNDLE_LOADER)";
				WRAPPER_EXTENSION = xctest;
			};
			name = Release;
		};
/* End XCBuildConfiguration section */

/* Begin XCConfigurationList section */
		3F98D8851963EFC7000A23A9 /* Build configuration list for PBXProject "MyBMI" */ = {
			isa = XCConfigurationList;
			buildConfigurations = (
				3F98D8BA1963EFC8000A23A9 /* Debug */,
				3F98D8BB1963EFC8000A23A9 /* Release */,
			);
			defaultConfigurationIsVisible = 0;
			defaultConfigurationName = Release;
		};
		3F98D8BC1963EFC8000A23A9 /* Build configuration list for PBXNativeTarget "MyBMI" */ = {
			isa = XCConfigurationList;
			buildConfigurations = (
				3F98D8BD1963EFC8000A23A9 /* Debug */,
				3F98D8BE1963EFC8000A23A9 /* Release */,
			);
			defaultConfigurationIsVisible = 0;
		};
		3F98D8BF1963EFC8000A23A9 /* Build configuration list for PBXNativeTarget "MyBMITests" */ = {
			isa = XCConfigurationList;
			buildConfigurations = (
				3F98D8C01963EFC8000A23A9 /* Debug */,
				3F98D8C11963EFC8000A23A9 /* Release */,
			);
			defaultConfigurationIsVisible = 0;
		};
/* End XCConfigurationList section */
	};
	rootObject = 3F98D8821963EFC7000A23A9 /* Project object */;
}
